// !$*UTF8*$!
{
	archiveVersion = 1;
	classes = {
	};
	objectVersion = 46;
	objects = {

/* Begin PBXBuildFile section */
		8C0B55BE1D2610840058AADC /* JYQQuartzVC.swift in Sources */ = {isa = PBXBuildFile; fileRef = 8C0B55BD1D2610840058AADC /* JYQQuartzVC.swift */; };
		8C0B55C01D2613090058AADC /* QuartzTest.swift in Sources */ = {isa = PBXBuildFile; fileRef = 8C0B55BF1D2613090058AADC /* QuartzTest.swift */; };
		8C0B55C21D2616A90058AADC /* JYQCustomView.swift in Sources */ = {isa = PBXBuildFile; fileRef = 8C0B55C11D2616A90058AADC /* JYQCustomView.swift */; };
		8C0B55C41D2645240058AADC /* JYQGraphView.swift in Sources */ = {isa = PBXBuildFile; fileRef = 8C0B55C31D2645240058AADC /* JYQGraphView.swift */; };
		8C0B55C61D26488D0058AADC /* JYQGraphView.xib in Resources */ = {isa = PBXBuildFile; fileRef = 8C0B55C51D26488D0058AADC /* JYQGraphView.xib */; };
		8C4050161D210D0800FFE949 /* AppDelegate.swift in Sources */ = {isa = PBXBuildFile; fileRef = 8C4050151D210D0800FFE949 /* AppDelegate.swift */; };
		8C40501B1D210D0800FFE949 /* Main.storyboard in Resources */ = {isa = PBXBuildFile; fileRef = 8C4050191D210D0800FFE949 /* Main.storyboard */; };
		8C40501D1D210D0800FFE949 /* Assets.xcassets in Resources */ = {isa = PBXBuildFile; fileRef = 8C40501C1D210D0800FFE949 /* Assets.xcassets */; };
		8C4050201D210D0800FFE949 /* LaunchScreen.storyboard in Resources */ = {isa = PBXBuildFile; fileRef = 8C40501E1D210D0800FFE949 /* LaunchScreen.storyboard */; };
		8C40502B1D21132B00FFE949 /* JYQTabBarVC.swift in Sources */ = {isa = PBXBuildFile; fileRef = 8C40502A1D21132B00FFE949 /* JYQTabBarVC.swift */; };
		8C40502F1D2113DF00FFE949 /* JYQFirVC.swift in Sources */ = {isa = PBXBuildFile; fileRef = 8C40502E1D2113DF00FFE949 /* JYQFirVC.swift */; };
		8C4050311D2113E800FFE949 /* JYQSecVC.swift in Sources */ = {isa = PBXBuildFile; fileRef = 8C4050301D2113E800FFE949 /* JYQSecVC.swift */; };
		8C4050351D21254400FFE949 /* JYQVCSwizzling.swift in Sources */ = {isa = PBXBuildFile; fileRef = 8C4050341D21254400FFE949 /* JYQVCSwizzling.swift */; };
		8C743D081D2BA07300576A9D /* JYQCAVC.swift in Sources */ = {isa = PBXBuildFile; fileRef = 8C743D071D2BA07300576A9D /* JYQCAVC.swift */; };
		8C8965F01D22717A009C5122 /* ApiTest.swift in Sources */ = {isa = PBXBuildFile; fileRef = 8C8965EF1D22717A009C5122 /* ApiTest.swift */; };
		8C8965F21D2277B6009C5122 /* JYQDictExtentsion.swift in Sources */ = {isa = PBXBuildFile; fileRef = 8C8965F11D2277B6009C5122 /* JYQDictExtentsion.swift */; };
		8C8965F51D227EFA009C5122 /* JYQBanner.m in Sources */ = {isa = PBXBuildFile; fileRef = 8C8965F41D227EFA009C5122 /* JYQBanner.m */; };
		8CB6C6A61D2207C40037A4A8 /* GlobalConstants.swift in Sources */ = {isa = PBXBuildFile; fileRef = 8CB6C6A51D2207C40037A4A8 /* GlobalConstants.swift */; };
		8CB6C6A91D220C780037A4A8 /* JYQStringExtension.swift in Sources */ = {isa = PBXBuildFile; fileRef = 8CB6C6A81D220C780037A4A8 /* JYQStringExtension.swift */; };
		8CB6C6AC1D220DCC0037A4A8 /* JYQLogger.swift in Sources */ = {isa = PBXBuildFile; fileRef = 8CB6C6AB1D220DCC0037A4A8 /* JYQLogger.swift */; };
		8CB6C6D61D2220C50037A4A8 /* Readme in Resources */ = {isa = PBXBuildFile; fileRef = 8CB6C6D51D2220C50037A4A8 /* Readme */; };
		8CB6C6DA1D2221890037A4A8 /* MBProgressHUD.m in Sources */ = {isa = PBXBuildFile; fileRef = 8CB6C6D91D2221890037A4A8 /* MBProgressHUD.m */; };
		8CB6C6E01D2223330037A4A8 /* HudUtil.swift in Sources */ = {isa = PBXBuildFile; fileRef = 8CB6C6DF1D2223330037A4A8 /* HudUtil.swift */; };
		8CB6C6E31D2224E40037A4A8 /* JYQTestModel.swift in Sources */ = {isa = PBXBuildFile; fileRef = 8CB6C6E21D2224E40037A4A8 /* JYQTestModel.swift */; };
		8CB6C6E51D2229950037A4A8 /* gcdTest.swift in Sources */ = {isa = PBXBuildFile; fileRef = 8CB6C6E41D2229950037A4A8 /* gcdTest.swift */; };
		8CB6C7011D2262A20037A4A8 /* AFHTTPSessionManager.m in Sources */ = {isa = PBXBuildFile; fileRef = 8CB6C6F51D2262A20037A4A8 /* AFHTTPSessionManager.m */; };
		8CB6C7021D2262A20037A4A8 /* AFNetworkReachabilityManager.m in Sources */ = {isa = PBXBuildFile; fileRef = 8CB6C6F81D2262A20037A4A8 /* AFNetworkReachabilityManager.m */; };
		8CB6C7031D2262A20037A4A8 /* AFSecurityPolicy.m in Sources */ = {isa = PBXBuildFile; fileRef = 8CB6C6FA1D2262A20037A4A8 /* AFSecurityPolicy.m */; };
		8CB6C7041D2262A20037A4A8 /* AFURLRequestSerialization.m in Sources */ = {isa = PBXBuildFile; fileRef = 8CB6C6FC1D2262A20037A4A8 /* AFURLRequestSerialization.m */; };
		8CB6C7051D2262A20037A4A8 /* AFURLResponseSerialization.m in Sources */ = {isa = PBXBuildFile; fileRef = 8CB6C6FE1D2262A20037A4A8 /* AFURLResponseSerialization.m */; };
		8CB6C7061D2262A20037A4A8 /* AFURLSessionManager.m in Sources */ = {isa = PBXBuildFile; fileRef = 8CB6C7001D2262A20037A4A8 /* AFURLSessionManager.m */; };
		8CB6C7101D2263730037A4A8 /* QLQBaseRequest.m in Sources */ = {isa = PBXBuildFile; fileRef = 8CB6C7091D2263730037A4A8 /* QLQBaseRequest.m */; };
		8CB6C7111D2263730037A4A8 /* QLQNetworkAgent.m in Sources */ = {isa = PBXBuildFile; fileRef = 8CB6C70B1D2263730037A4A8 /* QLQNetworkAgent.m */; };
		8CB6C7121D2263730037A4A8 /* QLQNetworkConfig.m in Sources */ = {isa = PBXBuildFile; fileRef = 8CB6C70D1D2263730037A4A8 /* QLQNetworkConfig.m */; };
		8CB6C7131D2263730037A4A8 /* QLQRequest.m in Sources */ = {isa = PBXBuildFile; fileRef = 8CB6C70F1D2263730037A4A8 /* QLQRequest.m */; };
		8CB6C7181D22645F0037A4A8 /* NSObject+Model.m in Sources */ = {isa = PBXBuildFile; fileRef = 8CB6C7171D22645F0037A4A8 /* NSObject+Model.m */; };
		8CB6C71B1D2264650037A4A8 /* NSObject+Property.m in Sources */ = {isa = PBXBuildFile; fileRef = 8CB6C71A1D2264650037A4A8 /* NSObject+Property.m */; };
		8CB6C71F1D2265280037A4A8 /* ZZColorUtil.m in Sources */ = {isa = PBXBuildFile; fileRef = 8CB6C71E1D2265280037A4A8 /* ZZColorUtil.m */; };
		8CB6C7241D2265A30037A4A8 /* BannerAPI.m in Sources */ = {isa = PBXBuildFile; fileRef = 8CB6C7231D2265A30037A4A8 /* BannerAPI.m */; };
		8CB7EE3F1D2A3A9A00FEB025 /* CATest.swift in Sources */ = {isa = PBXBuildFile; fileRef = 8CB7EE3E1D2A3A9A00FEB025 /* CATest.swift */; };
		8CC37ABE1D2E3A4100ADBC93 /* libavcodec.a in Frameworks */ = {isa = PBXBuildFile; fileRef = 8CC37AB71D2E3A4100ADBC93 /* libavcodec.a */; };
		8CC37ABF1D2E3A4100ADBC93 /* libavdevice.a in Frameworks */ = {isa = PBXBuildFile; fileRef = 8CC37AB81D2E3A4100ADBC93 /* libavdevice.a */; };
		8CC37AC01D2E3A4100ADBC93 /* libavfilter.a in Frameworks */ = {isa = PBXBuildFile; fileRef = 8CC37AB91D2E3A4100ADBC93 /* libavfilter.a */; };
		8CC37AC11D2E3A4100ADBC93 /* libavformat.a in Frameworks */ = {isa = PBXBuildFile; fileRef = 8CC37ABA1D2E3A4100ADBC93 /* libavformat.a */; };
		8CC37AC21D2E3A4100ADBC93 /* libavutil.a in Frameworks */ = {isa = PBXBuildFile; fileRef = 8CC37ABB1D2E3A4100ADBC93 /* libavutil.a */; };
		8CC37AC31D2E3A4100ADBC93 /* libswresample.a in Frameworks */ = {isa = PBXBuildFile; fileRef = 8CC37ABC1D2E3A4100ADBC93 /* libswresample.a */; };
		8CC37AC41D2E3A4100ADBC93 /* libswscale.a in Frameworks */ = {isa = PBXBuildFile; fileRef = 8CC37ABD1D2E3A4100ADBC93 /* libswscale.a */; };
		8CC37AD71D2E3BED00ADBC93 /* libz.tbd in Frameworks */ = {isa = PBXBuildFile; fileRef = 8CC37AD61D2E3BED00ADBC93 /* libz.tbd */; };
		8CC37AD91D2E3BF600ADBC93 /* libbz2.tbd in Frameworks */ = {isa = PBXBuildFile; fileRef = 8CC37AD81D2E3BF600ADBC93 /* libbz2.tbd */; };
		8CC37ADB1D2E3C0100ADBC93 /* libiconv.tbd in Frameworks */ = {isa = PBXBuildFile; fileRef = 8CC37ADA1D2E3C0100ADBC93 /* libiconv.tbd */; };
		8CC37ADD1D2E3CE000ADBC93 /* VideoToolbox.framework in Frameworks */ = {isa = PBXBuildFile; fileRef = 8CC37ADC1D2E3CE000ADBC93 /* VideoToolbox.framework */; };
		8CC37AEA1D2E3E8300ADBC93 /* KxAudioManager.m in Sources */ = {isa = PBXBuildFile; fileRef = 8CC37AE01D2E3E8300ADBC93 /* KxAudioManager.m */; };
		8CC37AEB1D2E3E8300ADBC93 /* kxmovie.bundle in Resources */ = {isa = PBXBuildFile; fileRef = 8CC37AE31D2E3E8300ADBC93 /* kxmovie.bundle */; };
		8CC37AEC1D2E3E8300ADBC93 /* KxMovieDecoder.m in Sources */ = {isa = PBXBuildFile; fileRef = 8CC37AE51D2E3E8300ADBC93 /* KxMovieDecoder.m */; };
		8CC37AED1D2E3E8300ADBC93 /* KxMovieGLView.m in Sources */ = {isa = PBXBuildFile; fileRef = 8CC37AE71D2E3E8300ADBC93 /* KxMovieGLView.m */; };
		8CC37AEE1D2E3E8300ADBC93 /* KxMovieViewController.m in Sources */ = {isa = PBXBuildFile; fileRef = 8CC37AE91D2E3E8300ADBC93 /* KxMovieViewController.m */; };
		8CC37AF11D2E3F3A00ADBC93 /* JYQVideoVC.swift in Sources */ = {isa = PBXBuildFile; fileRef = 8CC37AF01D2E3F3A00ADBC93 /* JYQVideoVC.swift */; };
		8CF86AF81D2360B000965703 /* JYQBaseModel.m in Sources */ = {isa = PBXBuildFile; fileRef = 8CF86AF71D2360B000965703 /* JYQBaseModel.m */; };
		8CF86B291D23751200965703 /* MJExtensionConst.m in Sources */ = {isa = PBXBuildFile; fileRef = 8CF86B161D23751200965703 /* MJExtensionConst.m */; };
		8CF86B2A1D23751200965703 /* MJFoundation.m in Sources */ = {isa = PBXBuildFile; fileRef = 8CF86B181D23751200965703 /* MJFoundation.m */; };
		8CF86B2B1D23751200965703 /* MJProperty.m in Sources */ = {isa = PBXBuildFile; fileRef = 8CF86B1A1D23751200965703 /* MJProperty.m */; };
		8CF86B2C1D23751200965703 /* MJPropertyKey.m in Sources */ = {isa = PBXBuildFile; fileRef = 8CF86B1C1D23751200965703 /* MJPropertyKey.m */; };
		8CF86B2D1D23751200965703 /* MJPropertyType.m in Sources */ = {isa = PBXBuildFile; fileRef = 8CF86B1E1D23751200965703 /* MJPropertyType.m */; };
		8CF86B2E1D23751200965703 /* NSObject+MJClass.m in Sources */ = {isa = PBXBuildFile; fileRef = 8CF86B201D23751200965703 /* NSObject+MJClass.m */; };
		8CF86B2F1D23751200965703 /* NSObject+MJCoding.m in Sources */ = {isa = PBXBuildFile; fileRef = 8CF86B221D23751200965703 /* NSObject+MJCoding.m */; };
		8CF86B301D23751200965703 /* NSObject+MJKeyValue.m in Sources */ = {isa = PBXBuildFile; fileRef = 8CF86B241D23751200965703 /* NSObject+MJKeyValue.m */; };
		8CF86B311D23751200965703 /* NSObject+MJProperty.m in Sources */ = {isa = PBXBuildFile; fileRef = 8CF86B261D23751200965703 /* NSObject+MJProperty.m */; };
		8CF86B321D23751200965703 /* NSString+MJExtension.m in Sources */ = {isa = PBXBuildFile; fileRef = 8CF86B281D23751200965703 /* NSString+MJExtension.m */; };
/* End PBXBuildFile section */

/* Begin PBXFileReference section */
		8C0B55BD1D2610840058AADC /* JYQQuartzVC.swift */ = {isa = PBXFileReference; fileEncoding = 4; lastKnownFileType = sourcecode.swift; path = JYQQuartzVC.swift; sourceTree = "<group>"; };
		8C0B55BF1D2613090058AADC /* QuartzTest.swift */ = {isa = PBXFileReference; fileEncoding = 4; lastKnownFileType = sourcecode.swift; path = QuartzTest.swift; sourceTree = "<group>"; };
		8C0B55C11D2616A90058AADC /* JYQCustomView.swift */ = {isa = PBXFileReference; fileEncoding = 4; lastKnownFileType = sourcecode.swift; path = JYQCustomView.swift; sourceTree = "<group>"; };
		8C0B55C31D2645240058AADC /* JYQGraphView.swift */ = {isa = PBXFileReference; fileEncoding = 4; lastKnownFileType = sourcecode.swift; path = JYQGraphView.swift; sourceTree = "<group>"; };
		8C0B55C51D26488D0058AADC /* JYQGraphView.xib */ = {isa = PBXFileReference; fileEncoding = 4; lastKnownFileType = file.xib; path = JYQGraphView.xib; sourceTree = "<group>"; };
		8C4050121D210D0800FFE949 /* LJYQ.app */ = {isa = PBXFileReference; explicitFileType = wrapper.application; includeInIndex = 0; path = LJYQ.app; sourceTree = BUILT_PRODUCTS_DIR; };
		8C4050151D210D0800FFE949 /* AppDelegate.swift */ = {isa = PBXFileReference; lastKnownFileType = sourcecode.swift; path = AppDelegate.swift; sourceTree = "<group>"; };
		8C40501A1D210D0800FFE949 /* Base */ = {isa = PBXFileReference; lastKnownFileType = file.storyboard; name = Base; path = Base.lproj/Main.storyboard; sourceTree = "<group>"; };
		8C40501C1D210D0800FFE949 /* Assets.xcassets */ = {isa = PBXFileReference; lastKnownFileType = folder.assetcatalog; path = Assets.xcassets; sourceTree = "<group>"; };
		8C40501F1D210D0800FFE949 /* Base */ = {isa = PBXFileReference; lastKnownFileType = file.storyboard; name = Base; path = Base.lproj/LaunchScreen.storyboard; sourceTree = "<group>"; };
		8C4050211D210D0800FFE949 /* Info.plist */ = {isa = PBXFileReference; lastKnownFileType = text.plist.xml; path = Info.plist; sourceTree = "<group>"; };
		8C40502A1D21132B00FFE949 /* JYQTabBarVC.swift */ = {isa = PBXFileReference; fileEncoding = 4; lastKnownFileType = sourcecode.swift; path = JYQTabBarVC.swift; sourceTree = "<group>"; };
		8C40502E1D2113DF00FFE949 /* JYQFirVC.swift */ = {isa = PBXFileReference; fileEncoding = 4; lastKnownFileType = sourcecode.swift; path = JYQFirVC.swift; sourceTree = "<group>"; };
		8C4050301D2113E800FFE949 /* JYQSecVC.swift */ = {isa = PBXFileReference; fileEncoding = 4; lastKnownFileType = sourcecode.swift; path = JYQSecVC.swift; sourceTree = "<group>"; };
		8C4050341D21254400FFE949 /* JYQVCSwizzling.swift */ = {isa = PBXFileReference; fileEncoding = 4; lastKnownFileType = sourcecode.swift; path = JYQVCSwizzling.swift; sourceTree = "<group>"; };
		8C743D071D2BA07300576A9D /* JYQCAVC.swift */ = {isa = PBXFileReference; fileEncoding = 4; lastKnownFileType = sourcecode.swift; path = JYQCAVC.swift; sourceTree = "<group>"; };
		8C8965EF1D22717A009C5122 /* ApiTest.swift */ = {isa = PBXFileReference; fileEncoding = 4; lastKnownFileType = sourcecode.swift; path = ApiTest.swift; sourceTree = "<group>"; };
		8C8965F11D2277B6009C5122 /* JYQDictExtentsion.swift */ = {isa = PBXFileReference; fileEncoding = 4; lastKnownFileType = sourcecode.swift; path = JYQDictExtentsion.swift; sourceTree = "<group>"; };
		8C8965F31D227EFA009C5122 /* JYQBanner.h */ = {isa = PBXFileReference; fileEncoding = 4; lastKnownFileType = sourcecode.c.h; path = JYQBanner.h; sourceTree = "<group>"; };
		8C8965F41D227EFA009C5122 /* JYQBanner.m */ = {isa = PBXFileReference; fileEncoding = 4; lastKnownFileType = sourcecode.c.objc; path = JYQBanner.m; sourceTree = "<group>"; };
		8CB6C6A51D2207C40037A4A8 /* GlobalConstants.swift */ = {isa = PBXFileReference; fileEncoding = 4; lastKnownFileType = sourcecode.swift; path = GlobalConstants.swift; sourceTree = "<group>"; };
		8CB6C6A81D220C780037A4A8 /* JYQStringExtension.swift */ = {isa = PBXFileReference; fileEncoding = 4; lastKnownFileType = sourcecode.swift; path = JYQStringExtension.swift; sourceTree = "<group>"; };
		8CB6C6AB1D220DCC0037A4A8 /* JYQLogger.swift */ = {isa = PBXFileReference; fileEncoding = 4; lastKnownFileType = sourcecode.swift; path = JYQLogger.swift; sourceTree = "<group>"; };
		8CB6C6B61D221A7D0037A4A8 /* BridgingHeader.h */ = {isa = PBXFileReference; lastKnownFileType = sourcecode.c.h; path = BridgingHeader.h; sourceTree = "<group>"; };
		8CB6C6D51D2220C50037A4A8 /* Readme */ = {isa = PBXFileReference; fileEncoding = 4; lastKnownFileType = text; path = Readme; sourceTree = "<group>"; };
		8CB6C6D81D2221890037A4A8 /* MBProgressHUD.h */ = {isa = PBXFileReference; fileEncoding = 4; lastKnownFileType = sourcecode.c.h; path = MBProgressHUD.h; sourceTree = "<group>"; };
		8CB6C6D91D2221890037A4A8 /* MBProgressHUD.m */ = {isa = PBXFileReference; fileEncoding = 4; lastKnownFileType = sourcecode.c.objc; path = MBProgressHUD.m; sourceTree = "<group>"; };
		8CB6C6DF1D2223330037A4A8 /* HudUtil.swift */ = {isa = PBXFileReference; fileEncoding = 4; lastKnownFileType = sourcecode.swift; path = HudUtil.swift; sourceTree = "<group>"; };
		8CB6C6E21D2224E40037A4A8 /* JYQTestModel.swift */ = {isa = PBXFileReference; fileEncoding = 4; lastKnownFileType = sourcecode.swift; path = JYQTestModel.swift; sourceTree = "<group>"; };
		8CB6C6E41D2229950037A4A8 /* gcdTest.swift */ = {isa = PBXFileReference; fileEncoding = 4; lastKnownFileType = sourcecode.swift; path = gcdTest.swift; sourceTree = "<group>"; };
		8CB6C6F41D2262A20037A4A8 /* AFHTTPSessionManager.h */ = {isa = PBXFileReference; fileEncoding = 4; lastKnownFileType = sourcecode.c.h; path = AFHTTPSessionManager.h; sourceTree = "<group>"; };
		8CB6C6F51D2262A20037A4A8 /* AFHTTPSessionManager.m */ = {isa = PBXFileReference; fileEncoding = 4; lastKnownFileType = sourcecode.c.objc; path = AFHTTPSessionManager.m; sourceTree = "<group>"; };
		8CB6C6F61D2262A20037A4A8 /* AFNetworking.h */ = {isa = PBXFileReference; fileEncoding = 4; lastKnownFileType = sourcecode.c.h; path = AFNetworking.h; sourceTree = "<group>"; };
		8CB6C6F71D2262A20037A4A8 /* AFNetworkReachabilityManager.h */ = {isa = PBXFileReference; fileEncoding = 4; lastKnownFileType = sourcecode.c.h; path = AFNetworkReachabilityManager.h; sourceTree = "<group>"; };
		8CB6C6F81D2262A20037A4A8 /* AFNetworkReachabilityManager.m */ = {isa = PBXFileReference; fileEncoding = 4; lastKnownFileType = sourcecode.c.objc; path = AFNetworkReachabilityManager.m; sourceTree = "<group>"; };
		8CB6C6F91D2262A20037A4A8 /* AFSecurityPolicy.h */ = {isa = PBXFileReference; fileEncoding = 4; lastKnownFileType = sourcecode.c.h; path = AFSecurityPolicy.h; sourceTree = "<group>"; };
		8CB6C6FA1D2262A20037A4A8 /* AFSecurityPolicy.m */ = {isa = PBXFileReference; fileEncoding = 4; lastKnownFileType = sourcecode.c.objc; path = AFSecurityPolicy.m; sourceTree = "<group>"; };
		8CB6C6FB1D2262A20037A4A8 /* AFURLRequestSerialization.h */ = {isa = PBXFileReference; fileEncoding = 4; lastKnownFileType = sourcecode.c.h; path = AFURLRequestSerialization.h; sourceTree = "<group>"; };
		8CB6C6FC1D2262A20037A4A8 /* AFURLRequestSerialization.m */ = {isa = PBXFileReference; fileEncoding = 4; lastKnownFileType = sourcecode.c.objc; path = AFURLRequestSerialization.m; sourceTree = "<group>"; };
		8CB6C6FD1D2262A20037A4A8 /* AFURLResponseSerialization.h */ = {isa = PBXFileReference; fileEncoding = 4; lastKnownFileType = sourcecode.c.h; path = AFURLResponseSerialization.h; sourceTree = "<group>"; };
		8CB6C6FE1D2262A20037A4A8 /* AFURLResponseSerialization.m */ = {isa = PBXFileReference; fileEncoding = 4; lastKnownFileType = sourcecode.c.objc; path = AFURLResponseSerialization.m; sourceTree = "<group>"; };
		8CB6C6FF1D2262A20037A4A8 /* AFURLSessionManager.h */ = {isa = PBXFileReference; fileEncoding = 4; lastKnownFileType = sourcecode.c.h; path = AFURLSessionManager.h; sourceTree = "<group>"; };
		8CB6C7001D2262A20037A4A8 /* AFURLSessionManager.m */ = {isa = PBXFileReference; fileEncoding = 4; lastKnownFileType = sourcecode.c.objc; path = AFURLSessionManager.m; sourceTree = "<group>"; };
		8CB6C7081D2263730037A4A8 /* QLQBaseRequest.h */ = {isa = PBXFileReference; fileEncoding = 4; lastKnownFileType = sourcecode.c.h; path = QLQBaseRequest.h; sourceTree = "<group>"; };
		8CB6C7091D2263730037A4A8 /* QLQBaseRequest.m */ = {isa = PBXFileReference; fileEncoding = 4; lastKnownFileType = sourcecode.c.objc; path = QLQBaseRequest.m; sourceTree = "<group>"; };
		8CB6C70A1D2263730037A4A8 /* QLQNetworkAgent.h */ = {isa = PBXFileReference; fileEncoding = 4; lastKnownFileType = sourcecode.c.h; path = QLQNetworkAgent.h; sourceTree = "<group>"; };
		8CB6C70B1D2263730037A4A8 /* QLQNetworkAgent.m */ = {isa = PBXFileReference; fileEncoding = 4; lastKnownFileType = sourcecode.c.objc; path = QLQNetworkAgent.m; sourceTree = "<group>"; };
		8CB6C70C1D2263730037A4A8 /* QLQNetworkConfig.h */ = {isa = PBXFileReference; fileEncoding = 4; lastKnownFileType = sourcecode.c.h; path = QLQNetworkConfig.h; sourceTree = "<group>"; };
		8CB6C70D1D2263730037A4A8 /* QLQNetworkConfig.m */ = {isa = PBXFileReference; fileEncoding = 4; lastKnownFileType = sourcecode.c.objc; path = QLQNetworkConfig.m; sourceTree = "<group>"; };
		8CB6C70E1D2263730037A4A8 /* QLQRequest.h */ = {isa = PBXFileReference; fileEncoding = 4; lastKnownFileType = sourcecode.c.h; path = QLQRequest.h; sourceTree = "<group>"; };
		8CB6C70F1D2263730037A4A8 /* QLQRequest.m */ = {isa = PBXFileReference; fileEncoding = 4; lastKnownFileType = sourcecode.c.objc; path = QLQRequest.m; sourceTree = "<group>"; };
		8CB6C7161D22645F0037A4A8 /* NSObject+Model.h */ = {isa = PBXFileReference; fileEncoding = 4; lastKnownFileType = sourcecode.c.h; path = "NSObject+Model.h"; sourceTree = "<group>"; };
		8CB6C7171D22645F0037A4A8 /* NSObject+Model.m */ = {isa = PBXFileReference; fileEncoding = 4; lastKnownFileType = sourcecode.c.objc; path = "NSObject+Model.m"; sourceTree = "<group>"; };
		8CB6C7191D2264650037A4A8 /* NSObject+Property.h */ = {isa = PBXFileReference; fileEncoding = 4; lastKnownFileType = sourcecode.c.h; path = "NSObject+Property.h"; sourceTree = "<group>"; };
		8CB6C71A1D2264650037A4A8 /* NSObject+Property.m */ = {isa = PBXFileReference; fileEncoding = 4; lastKnownFileType = sourcecode.c.objc; path = "NSObject+Property.m"; sourceTree = "<group>"; };
		8CB6C71D1D2265280037A4A8 /* ZZColorUtil.h */ = {isa = PBXFileReference; fileEncoding = 4; lastKnownFileType = sourcecode.c.h; path = ZZColorUtil.h; sourceTree = "<group>"; };
		8CB6C71E1D2265280037A4A8 /* ZZColorUtil.m */ = {isa = PBXFileReference; fileEncoding = 4; lastKnownFileType = sourcecode.c.objc; path = ZZColorUtil.m; sourceTree = "<group>"; };
		8CB6C7221D2265A30037A4A8 /* BannerAPI.h */ = {isa = PBXFileReference; fileEncoding = 4; lastKnownFileType = sourcecode.c.h; path = BannerAPI.h; sourceTree = "<group>"; };
		8CB6C7231D2265A30037A4A8 /* BannerAPI.m */ = {isa = PBXFileReference; fileEncoding = 4; lastKnownFileType = sourcecode.c.objc; path = BannerAPI.m; sourceTree = "<group>"; };
		8CB7EE3E1D2A3A9A00FEB025 /* CATest.swift */ = {isa = PBXFileReference; fileEncoding = 4; lastKnownFileType = sourcecode.swift; path = CATest.swift; sourceTree = "<group>"; };
		8CC37A491D2E3A4100ADBC93 /* avcodec.h */ = {isa = PBXFileReference; fileEncoding = 4; lastKnownFileType = sourcecode.c.h; path = avcodec.h; sourceTree = "<group>"; };
		8CC37A4A1D2E3A4100ADBC93 /* avdct.h */ = {isa = PBXFileReference; fileEncoding = 4; lastKnownFileType = sourcecode.c.h; path = avdct.h; sourceTree = "<group>"; };
		8CC37A4B1D2E3A4100ADBC93 /* avfft.h */ = {isa = PBXFileReference; fileEncoding = 4; lastKnownFileType = sourcecode.c.h; path = avfft.h; sourceTree = "<group>"; };
		8CC37A4C1D2E3A4100ADBC93 /* d3d11va.h */ = {isa = PBXFileReference; fileEncoding = 4; lastKnownFileType = sourcecode.c.h; path = d3d11va.h; sourceTree = "<group>"; };
		8CC37A4D1D2E3A4100ADBC93 /* dirac.h */ = {isa = PBXFileReference; fileEncoding = 4; lastKnownFileType = sourcecode.c.h; path = dirac.h; sourceTree = "<group>"; };
		8CC37A4E1D2E3A4100ADBC93 /* dv_profile.h */ = {isa = PBXFileReference; fileEncoding = 4; lastKnownFileType = sourcecode.c.h; path = dv_profile.h; sourceTree = "<group>"; };
		8CC37A4F1D2E3A4100ADBC93 /* dxva2.h */ = {isa = PBXFileReference; fileEncoding = 4; lastKnownFileType = sourcecode.c.h; path = dxva2.h; sourceTree = "<group>"; };
		8CC37A501D2E3A4100ADBC93 /* jni.h */ = {isa = PBXFileReference; fileEncoding = 4; lastKnownFileType = sourcecode.c.h; path = jni.h; sourceTree = "<group>"; };
		8CC37A511D2E3A4100ADBC93 /* qsv.h */ = {isa = PBXFileReference; fileEncoding = 4; lastKnownFileType = sourcecode.c.h; path = qsv.h; sourceTree = "<group>"; };
		8CC37A521D2E3A4100ADBC93 /* vaapi.h */ = {isa = PBXFileReference; fileEncoding = 4; lastKnownFileType = sourcecode.c.h; path = vaapi.h; sourceTree = "<group>"; };
		8CC37A531D2E3A4100ADBC93 /* vda.h */ = {isa = PBXFileReference; fileEncoding = 4; lastKnownFileType = sourcecode.c.h; path = vda.h; sourceTree = "<group>"; };
		8CC37A541D2E3A4100ADBC93 /* vdpau.h */ = {isa = PBXFileReference; fileEncoding = 4; lastKnownFileType = sourcecode.c.h; path = vdpau.h; sourceTree = "<group>"; };
		8CC37A551D2E3A4100ADBC93 /* version.h */ = {isa = PBXFileReference; fileEncoding = 4; lastKnownFileType = sourcecode.c.h; path = version.h; sourceTree = "<group>"; };
		8CC37A561D2E3A4100ADBC93 /* videotoolbox.h */ = {isa = PBXFileReference; fileEncoding = 4; lastKnownFileType = sourcecode.c.h; path = videotoolbox.h; sourceTree = "<group>"; };
		8CC37A571D2E3A4100ADBC93 /* vorbis_parser.h */ = {isa = PBXFileReference; fileEncoding = 4; lastKnownFileType = sourcecode.c.h; path = vorbis_parser.h; sourceTree = "<group>"; };
		8CC37A581D2E3A4100ADBC93 /* xvmc.h */ = {isa = PBXFileReference; fileEncoding = 4; lastKnownFileType = sourcecode.c.h; path = xvmc.h; sourceTree = "<group>"; };
		8CC37A5A1D2E3A4100ADBC93 /* avdevice.h */ = {isa = PBXFileReference; fileEncoding = 4; lastKnownFileType = sourcecode.c.h; path = avdevice.h; sourceTree = "<group>"; };
		8CC37A5B1D2E3A4100ADBC93 /* version.h */ = {isa = PBXFileReference; fileEncoding = 4; lastKnownFileType = sourcecode.c.h; path = version.h; sourceTree = "<group>"; };
		8CC37A5D1D2E3A4100ADBC93 /* avfilter.h */ = {isa = PBXFileReference; fileEncoding = 4; lastKnownFileType = sourcecode.c.h; path = avfilter.h; sourceTree = "<group>"; };
		8CC37A5E1D2E3A4100ADBC93 /* avfiltergraph.h */ = {isa = PBXFileReference; fileEncoding = 4; lastKnownFileType = sourcecode.c.h; path = avfiltergraph.h; sourceTree = "<group>"; };
		8CC37A5F1D2E3A4100ADBC93 /* buffersink.h */ = {isa = PBXFileReference; fileEncoding = 4; lastKnownFileType = sourcecode.c.h; path = buffersink.h; sourceTree = "<group>"; };
		8CC37A601D2E3A4100ADBC93 /* buffersrc.h */ = {isa = PBXFileReference; fileEncoding = 4; lastKnownFileType = sourcecode.c.h; path = buffersrc.h; sourceTree = "<group>"; };
		8CC37A611D2E3A4100ADBC93 /* version.h */ = {isa = PBXFileReference; fileEncoding = 4; lastKnownFileType = sourcecode.c.h; path = version.h; sourceTree = "<group>"; };
		8CC37A631D2E3A4100ADBC93 /* avformat.h */ = {isa = PBXFileReference; fileEncoding = 4; lastKnownFileType = sourcecode.c.h; path = avformat.h; sourceTree = "<group>"; };
		8CC37A641D2E3A4100ADBC93 /* avio.h */ = {isa = PBXFileReference; fileEncoding = 4; lastKnownFileType = sourcecode.c.h; path = avio.h; sourceTree = "<group>"; };
		8CC37A651D2E3A4100ADBC93 /* version.h */ = {isa = PBXFileReference; fileEncoding = 4; lastKnownFileType = sourcecode.c.h; path = version.h; sourceTree = "<group>"; };
		8CC37A671D2E3A4100ADBC93 /* adler32.h */ = {isa = PBXFileReference; fileEncoding = 4; lastKnownFileType = sourcecode.c.h; path = adler32.h; sourceTree = "<group>"; };
		8CC37A681D2E3A4100ADBC93 /* aes.h */ = {isa = PBXFileReference; fileEncoding = 4; lastKnownFileType = sourcecode.c.h; path = aes.h; sourceTree = "<group>"; };
		8CC37A691D2E3A4100ADBC93 /* aes_ctr.h */ = {isa = PBXFileReference; fileEncoding = 4; lastKnownFileType = sourcecode.c.h; path = aes_ctr.h; sourceTree = "<group>"; };
		8CC37A6A1D2E3A4100ADBC93 /* attributes.h */ = {isa = PBXFileReference; fileEncoding = 4; lastKnownFileType = sourcecode.c.h; path = attributes.h; sourceTree = "<group>"; };
		8CC37A6B1D2E3A4100ADBC93 /* audio_fifo.h */ = {isa = PBXFileReference; fileEncoding = 4; lastKnownFileType = sourcecode.c.h; path = audio_fifo.h; sourceTree = "<group>"; };
		8CC37A6C1D2E3A4100ADBC93 /* avassert.h */ = {isa = PBXFileReference; fileEncoding = 4; lastKnownFileType = sourcecode.c.h; path = avassert.h; sourceTree = "<group>"; };
		8CC37A6D1D2E3A4100ADBC93 /* avconfig.h */ = {isa = PBXFileReference; fileEncoding = 4; lastKnownFileType = sourcecode.c.h; path = avconfig.h; sourceTree = "<group>"; };
		8CC37A6E1D2E3A4100ADBC93 /* avstring.h */ = {isa = PBXFileReference; fileEncoding = 4; lastKnownFileType = sourcecode.c.h; path = avstring.h; sourceTree = "<group>"; };
		8CC37A6F1D2E3A4100ADBC93 /* avutil.h */ = {isa = PBXFileReference; fileEncoding = 4; lastKnownFileType = sourcecode.c.h; path = avutil.h; sourceTree = "<group>"; };
		8CC37A701D2E3A4100ADBC93 /* base64.h */ = {isa = PBXFileReference; fileEncoding = 4; lastKnownFileType = sourcecode.c.h; path = base64.h; sourceTree = "<group>"; };
		8CC37A711D2E3A4100ADBC93 /* blowfish.h */ = {isa = PBXFileReference; fileEncoding = 4; lastKnownFileType = sourcecode.c.h; path = blowfish.h; sourceTree = "<group>"; };
		8CC37A721D2E3A4100ADBC93 /* bprint.h */ = {isa = PBXFileReference; fileEncoding = 4; lastKnownFileType = sourcecode.c.h; path = bprint.h; sourceTree = "<group>"; };
		8CC37A731D2E3A4100ADBC93 /* bswap.h */ = {isa = PBXFileReference; fileEncoding = 4; lastKnownFileType = sourcecode.c.h; path = bswap.h; sourceTree = "<group>"; };
		8CC37A741D2E3A4100ADBC93 /* buffer.h */ = {isa = PBXFileReference; fileEncoding = 4; lastKnownFileType = sourcecode.c.h; path = buffer.h; sourceTree = "<group>"; };
		8CC37A751D2E3A4100ADBC93 /* camellia.h */ = {isa = PBXFileReference; fileEncoding = 4; lastKnownFileType = sourcecode.c.h; path = camellia.h; sourceTree = "<group>"; };
		8CC37A761D2E3A4100ADBC93 /* cast5.h */ = {isa = PBXFileReference; fileEncoding = 4; lastKnownFileType = sourcecode.c.h; path = cast5.h; sourceTree = "<group>"; };
		8CC37A771D2E3A4100ADBC93 /* channel_layout.h */ = {isa = PBXFileReference; fileEncoding = 4; lastKnownFileType = sourcecode.c.h; path = channel_layout.h; sourceTree = "<group>"; };
		8CC37A781D2E3A4100ADBC93 /* common.h */ = {isa = PBXFileReference; fileEncoding = 4; lastKnownFileType = sourcecode.c.h; path = common.h; sourceTree = "<group>"; };
		8CC37A791D2E3A4100ADBC93 /* cpu.h */ = {isa = PBXFileReference; fileEncoding = 4; lastKnownFileType = sourcecode.c.h; path = cpu.h; sourceTree = "<group>"; };
		8CC37A7A1D2E3A4100ADBC93 /* crc.h */ = {isa = PBXFileReference; fileEncoding = 4; lastKnownFileType = sourcecode.c.h; path = crc.h; sourceTree = "<group>"; };
		8CC37A7B1D2E3A4100ADBC93 /* des.h */ = {isa = PBXFileReference; fileEncoding = 4; lastKnownFileType = sourcecode.c.h; path = des.h; sourceTree = "<group>"; };
		8CC37A7C1D2E3A4100ADBC93 /* dict.h */ = {isa = PBXFileReference; fileEncoding = 4; lastKnownFileType = sourcecode.c.h; path = dict.h; sourceTree = "<group>"; };
		8CC37A7D1D2E3A4100ADBC93 /* display.h */ = {isa = PBXFileReference; fileEncoding = 4; lastKnownFileType = sourcecode.c.h; path = display.h; sourceTree = "<group>"; };
		8CC37A7E1D2E3A4100ADBC93 /* downmix_info.h */ = {isa = PBXFileReference; fileEncoding = 4; lastKnownFileType = sourcecode.c.h; path = downmix_info.h; sourceTree = "<group>"; };
		8CC37A7F1D2E3A4100ADBC93 /* error.h */ = {isa = PBXFileReference; fileEncoding = 4; lastKnownFileType = sourcecode.c.h; path = error.h; sourceTree = "<group>"; };
		8CC37A801D2E3A4100ADBC93 /* eval.h */ = {isa = PBXFileReference; fileEncoding = 4; lastKnownFileType = sourcecode.c.h; path = eval.h; sourceTree = "<group>"; };
		8CC37A811D2E3A4100ADBC93 /* ffversion.h */ = {isa = PBXFileReference; fileEncoding = 4; lastKnownFileType = sourcecode.c.h; path = ffversion.h; sourceTree = "<group>"; };
		8CC37A821D2E3A4100ADBC93 /* fifo.h */ = {isa = PBXFileReference; fileEncoding = 4; lastKnownFileType = sourcecode.c.h; path = fifo.h; sourceTree = "<group>"; };
		8CC37A831D2E3A4100ADBC93 /* file.h */ = {isa = PBXFileReference; fileEncoding = 4; lastKnownFileType = sourcecode.c.h; path = file.h; sourceTree = "<group>"; };
		8CC37A841D2E3A4100ADBC93 /* frame.h */ = {isa = PBXFileReference; fileEncoding = 4; lastKnownFileType = sourcecode.c.h; path = frame.h; sourceTree = "<group>"; };
		8CC37A851D2E3A4100ADBC93 /* hash.h */ = {isa = PBXFileReference; fileEncoding = 4; lastKnownFileType = sourcecode.c.h; path = hash.h; sourceTree = "<group>"; };
		8CC37A861D2E3A4100ADBC93 /* hmac.h */ = {isa = PBXFileReference; fileEncoding = 4; lastKnownFileType = sourcecode.c.h; path = hmac.h; sourceTree = "<group>"; };
		8CC37A871D2E3A4100ADBC93 /* hwcontext.h */ = {isa = PBXFileReference; fileEncoding = 4; lastKnownFileType = sourcecode.c.h; path = hwcontext.h; sourceTree = "<group>"; };
		8CC37A881D2E3A4100ADBC93 /* hwcontext_cuda.h */ = {isa = PBXFileReference; fileEncoding = 4; lastKnownFileType = sourcecode.c.h; path = hwcontext_cuda.h; sourceTree = "<group>"; };
		8CC37A891D2E3A4100ADBC93 /* hwcontext_dxva2.h */ = {isa = PBXFileReference; fileEncoding = 4; lastKnownFileType = sourcecode.c.h; path = hwcontext_dxva2.h; sourceTree = "<group>"; };
		8CC37A8A1D2E3A4100ADBC93 /* hwcontext_vaapi.h */ = {isa = PBXFileReference; fileEncoding = 4; lastKnownFileType = sourcecode.c.h; path = hwcontext_vaapi.h; sourceTree = "<group>"; };
		8CC37A8B1D2E3A4100ADBC93 /* hwcontext_vdpau.h */ = {isa = PBXFileReference; fileEncoding = 4; lastKnownFileType = sourcecode.c.h; path = hwcontext_vdpau.h; sourceTree = "<group>"; };
		8CC37A8C1D2E3A4100ADBC93 /* imgutils.h */ = {isa = PBXFileReference; fileEncoding = 4; lastKnownFileType = sourcecode.c.h; path = imgutils.h; sourceTree = "<group>"; };
		8CC37A8D1D2E3A4100ADBC93 /* intfloat.h */ = {isa = PBXFileReference; fileEncoding = 4; lastKnownFileType = sourcecode.c.h; path = intfloat.h; sourceTree = "<group>"; };
		8CC37A8E1D2E3A4100ADBC93 /* intreadwrite.h */ = {isa = PBXFileReference; fileEncoding = 4; lastKnownFileType = sourcecode.c.h; path = intreadwrite.h; sourceTree = "<group>"; };
		8CC37A8F1D2E3A4100ADBC93 /* lfg.h */ = {isa = PBXFileReference; fileEncoding = 4; lastKnownFileType = sourcecode.c.h; path = lfg.h; sourceTree = "<group>"; };
		8CC37A901D2E3A4100ADBC93 /* log.h */ = {isa = PBXFileReference; fileEncoding = 4; lastKnownFileType = sourcecode.c.h; path = log.h; sourceTree = "<group>"; };
		8CC37A911D2E3A4100ADBC93 /* lzo.h */ = {isa = PBXFileReference; fileEncoding = 4; lastKnownFileType = sourcecode.c.h; path = lzo.h; sourceTree = "<group>"; };
		8CC37A921D2E3A4100ADBC93 /* macros.h */ = {isa = PBXFileReference; fileEncoding = 4; lastKnownFileType = sourcecode.c.h; path = macros.h; sourceTree = "<group>"; };
		8CC37A931D2E3A4100ADBC93 /* mastering_display_metadata.h */ = {isa = PBXFileReference; fileEncoding = 4; lastKnownFileType = sourcecode.c.h; path = mastering_display_metadata.h; sourceTree = "<group>"; };
		8CC37A941D2E3A4100ADBC93 /* mathematics.h */ = {isa = PBXFileReference; fileEncoding = 4; lastKnownFileType = sourcecode.c.h; path = mathematics.h; sourceTree = "<group>"; };
		8CC37A951D2E3A4100ADBC93 /* md5.h */ = {isa = PBXFileReference; fileEncoding = 4; lastKnownFileType = sourcecode.c.h; path = md5.h; sourceTree = "<group>"; };
		8CC37A961D2E3A4100ADBC93 /* mem.h */ = {isa = PBXFileReference; fileEncoding = 4; lastKnownFileType = sourcecode.c.h; path = mem.h; sourceTree = "<group>"; };
		8CC37A971D2E3A4100ADBC93 /* motion_vector.h */ = {isa = PBXFileReference; fileEncoding = 4; lastKnownFileType = sourcecode.c.h; path = motion_vector.h; sourceTree = "<group>"; };
		8CC37A981D2E3A4100ADBC93 /* murmur3.h */ = {isa = PBXFileReference; fileEncoding = 4; lastKnownFileType = sourcecode.c.h; path = murmur3.h; sourceTree = "<group>"; };
		8CC37A991D2E3A4100ADBC93 /* opt.h */ = {isa = PBXFileReference; fileEncoding = 4; lastKnownFileType = sourcecode.c.h; path = opt.h; sourceTree = "<group>"; };
		8CC37A9A1D2E3A4100ADBC93 /* parseutils.h */ = {isa = PBXFileReference; fileEncoding = 4; lastKnownFileType = sourcecode.c.h; path = parseutils.h; sourceTree = "<group>"; };
		8CC37A9B1D2E3A4100ADBC93 /* pixdesc.h */ = {isa = PBXFileReference; fileEncoding = 4; lastKnownFileType = sourcecode.c.h; path = pixdesc.h; sourceTree = "<group>"; };
		8CC37A9C1D2E3A4100ADBC93 /* pixelutils.h */ = {isa = PBXFileReference; fileEncoding = 4; lastKnownFileType = sourcecode.c.h; path = pixelutils.h; sourceTree = "<group>"; };
		8CC37A9D1D2E3A4100ADBC93 /* pixfmt.h */ = {isa = PBXFileReference; fileEncoding = 4; lastKnownFileType = sourcecode.c.h; path = pixfmt.h; sourceTree = "<group>"; };
		8CC37A9E1D2E3A4100ADBC93 /* random_seed.h */ = {isa = PBXFileReference; fileEncoding = 4; lastKnownFileType = sourcecode.c.h; path = random_seed.h; sourceTree = "<group>"; };
		8CC37A9F1D2E3A4100ADBC93 /* rational.h */ = {isa = PBXFileReference; fileEncoding = 4; lastKnownFileType = sourcecode.c.h; path = rational.h; sourceTree = "<group>"; };
		8CC37AA01D2E3A4100ADBC93 /* rc4.h */ = {isa = PBXFileReference; fileEncoding = 4; lastKnownFileType = sourcecode.c.h; path = rc4.h; sourceTree = "<group>"; };
		8CC37AA11D2E3A4100ADBC93 /* replaygain.h */ = {isa = PBXFileReference; fileEncoding = 4; lastKnownFileType = sourcecode.c.h; path = replaygain.h; sourceTree = "<group>"; };
		8CC37AA21D2E3A4100ADBC93 /* ripemd.h */ = {isa = PBXFileReference; fileEncoding = 4; lastKnownFileType = sourcecode.c.h; path = ripemd.h; sourceTree = "<group>"; };
		8CC37AA31D2E3A4100ADBC93 /* samplefmt.h */ = {isa = PBXFileReference; fileEncoding = 4; lastKnownFileType = sourcecode.c.h; path = samplefmt.h; sourceTree = "<group>"; };
		8CC37AA41D2E3A4100ADBC93 /* sha.h */ = {isa = PBXFileReference; fileEncoding = 4; lastKnownFileType = sourcecode.c.h; path = sha.h; sourceTree = "<group>"; };
		8CC37AA51D2E3A4100ADBC93 /* sha512.h */ = {isa = PBXFileReference; fileEncoding = 4; lastKnownFileType = sourcecode.c.h; path = sha512.h; sourceTree = "<group>"; };
		8CC37AA61D2E3A4100ADBC93 /* stereo3d.h */ = {isa = PBXFileReference; fileEncoding = 4; lastKnownFileType = sourcecode.c.h; path = stereo3d.h; sourceTree = "<group>"; };
		8CC37AA71D2E3A4100ADBC93 /* tea.h */ = {isa = PBXFileReference; fileEncoding = 4; lastKnownFileType = sourcecode.c.h; path = tea.h; sourceTree = "<group>"; };
		8CC37AA81D2E3A4100ADBC93 /* threadmessage.h */ = {isa = PBXFileReference; fileEncoding = 4; lastKnownFileType = sourcecode.c.h; path = threadmessage.h; sourceTree = "<group>"; };
		8CC37AA91D2E3A4100ADBC93 /* time.h */ = {isa = PBXFileReference; fileEncoding = 4; lastKnownFileType = sourcecode.c.h; path = time.h; sourceTree = "<group>"; };
		8CC37AAA1D2E3A4100ADBC93 /* timecode.h */ = {isa = PBXFileReference; fileEncoding = 4; lastKnownFileType = sourcecode.c.h; path = timecode.h; sourceTree = "<group>"; };
		8CC37AAB1D2E3A4100ADBC93 /* timestamp.h */ = {isa = PBXFileReference; fileEncoding = 4; lastKnownFileType = sourcecode.c.h; path = timestamp.h; sourceTree = "<group>"; };
		8CC37AAC1D2E3A4100ADBC93 /* tree.h */ = {isa = PBXFileReference; fileEncoding = 4; lastKnownFileType = sourcecode.c.h; path = tree.h; sourceTree = "<group>"; };
		8CC37AAD1D2E3A4100ADBC93 /* twofish.h */ = {isa = PBXFileReference; fileEncoding = 4; lastKnownFileType = sourcecode.c.h; path = twofish.h; sourceTree = "<group>"; };
		8CC37AAE1D2E3A4100ADBC93 /* version.h */ = {isa = PBXFileReference; fileEncoding = 4; lastKnownFileType = sourcecode.c.h; path = version.h; sourceTree = "<group>"; };
		8CC37AAF1D2E3A4100ADBC93 /* xtea.h */ = {isa = PBXFileReference; fileEncoding = 4; lastKnownFileType = sourcecode.c.h; path = xtea.h; sourceTree = "<group>"; };
		8CC37AB11D2E3A4100ADBC93 /* swresample.h */ = {isa = PBXFileReference; fileEncoding = 4; lastKnownFileType = sourcecode.c.h; path = swresample.h; sourceTree = "<group>"; };
		8CC37AB21D2E3A4100ADBC93 /* version.h */ = {isa = PBXFileReference; fileEncoding = 4; lastKnownFileType = sourcecode.c.h; path = version.h; sourceTree = "<group>"; };
		8CC37AB41D2E3A4100ADBC93 /* swscale.h */ = {isa = PBXFileReference; fileEncoding = 4; lastKnownFileType = sourcecode.c.h; path = swscale.h; sourceTree = "<group>"; };
		8CC37AB51D2E3A4100ADBC93 /* version.h */ = {isa = PBXFileReference; fileEncoding = 4; lastKnownFileType = sourcecode.c.h; path = version.h; sourceTree = "<group>"; };
		8CC37AB71D2E3A4100ADBC93 /* libavcodec.a */ = {isa = PBXFileReference; lastKnownFileType = archive.ar; path = libavcodec.a; sourceTree = "<group>"; };
		8CC37AB81D2E3A4100ADBC93 /* libavdevice.a */ = {isa = PBXFileReference; lastKnownFileType = archive.ar; path = libavdevice.a; sourceTree = "<group>"; };
		8CC37AB91D2E3A4100ADBC93 /* libavfilter.a */ = {isa = PBXFileReference; lastKnownFileType = archive.ar; path = libavfilter.a; sourceTree = "<group>"; };
		8CC37ABA1D2E3A4100ADBC93 /* libavformat.a */ = {isa = PBXFileReference; lastKnownFileType = archive.ar; path = libavformat.a; sourceTree = "<group>"; };
		8CC37ABB1D2E3A4100ADBC93 /* libavutil.a */ = {isa = PBXFileReference; lastKnownFileType = archive.ar; path = libavutil.a; sourceTree = "<group>"; };
		8CC37ABC1D2E3A4100ADBC93 /* libswresample.a */ = {isa = PBXFileReference; lastKnownFileType = archive.ar; path = libswresample.a; sourceTree = "<group>"; };
		8CC37ABD1D2E3A4100ADBC93 /* libswscale.a */ = {isa = PBXFileReference; lastKnownFileType = archive.ar; path = libswscale.a; sourceTree = "<group>"; };
		8CC37AD61D2E3BED00ADBC93 /* libz.tbd */ = {isa = PBXFileReference; lastKnownFileType = "sourcecode.text-based-dylib-definition"; name = libz.tbd; path = usr/lib/libz.tbd; sourceTree = SDKROOT; };
		8CC37AD81D2E3BF600ADBC93 /* libbz2.tbd */ = {isa = PBXFileReference; lastKnownFileType = "sourcecode.text-based-dylib-definition"; name = libbz2.tbd; path = usr/lib/libbz2.tbd; sourceTree = SDKROOT; };
		8CC37ADA1D2E3C0100ADBC93 /* libiconv.tbd */ = {isa = PBXFileReference; lastKnownFileType = "sourcecode.text-based-dylib-definition"; name = libiconv.tbd; path = usr/lib/libiconv.tbd; sourceTree = SDKROOT; };
		8CC37ADC1D2E3CE000ADBC93 /* VideoToolbox.framework */ = {isa = PBXFileReference; lastKnownFileType = wrapper.framework; name = VideoToolbox.framework; path = System/Library/Frameworks/VideoToolbox.framework; sourceTree = SDKROOT; };
		8CC37ADF1D2E3E8300ADBC93 /* KxAudioManager.h */ = {isa = PBXFileReference; fileEncoding = 4; lastKnownFileType = sourcecode.c.h; path = KxAudioManager.h; sourceTree = "<group>"; };
		8CC37AE01D2E3E8300ADBC93 /* KxAudioManager.m */ = {isa = PBXFileReference; fileEncoding = 4; lastKnownFileType = sourcecode.c.objc; path = KxAudioManager.m; sourceTree = "<group>"; };
		8CC37AE11D2E3E8300ADBC93 /* KxLogger.h */ = {isa = PBXFileReference; fileEncoding = 4; lastKnownFileType = sourcecode.c.h; path = KxLogger.h; sourceTree = "<group>"; };
		8CC37AE21D2E3E8300ADBC93 /* kxmovie-Prefix.pch */ = {isa = PBXFileReference; fileEncoding = 4; lastKnownFileType = sourcecode.c.h; path = "kxmovie-Prefix.pch"; sourceTree = "<group>"; };
		8CC37AE31D2E3E8300ADBC93 /* kxmovie.bundle */ = {isa = PBXFileReference; lastKnownFileType = "wrapper.plug-in"; path = kxmovie.bundle; sourceTree = "<group>"; };
		8CC37AE41D2E3E8300ADBC93 /* KxMovieDecoder.h */ = {isa = PBXFileReference; fileEncoding = 4; lastKnownFileType = sourcecode.c.h; path = KxMovieDecoder.h; sourceTree = "<group>"; };
		8CC37AE51D2E3E8300ADBC93 /* KxMovieDecoder.m */ = {isa = PBXFileReference; fileEncoding = 4; lastKnownFileType = sourcecode.c.objc; path = KxMovieDecoder.m; sourceTree = "<group>"; };
		8CC37AE61D2E3E8300ADBC93 /* KxMovieGLView.h */ = {isa = PBXFileReference; fileEncoding = 4; lastKnownFileType = sourcecode.c.h; path = KxMovieGLView.h; sourceTree = "<group>"; };
		8CC37AE71D2E3E8300ADBC93 /* KxMovieGLView.m */ = {isa = PBXFileReference; fileEncoding = 4; lastKnownFileType = sourcecode.c.objc; path = KxMovieGLView.m; sourceTree = "<group>"; };
		8CC37AE81D2E3E8300ADBC93 /* KxMovieViewController.h */ = {isa = PBXFileReference; fileEncoding = 4; lastKnownFileType = sourcecode.c.h; path = KxMovieViewController.h; sourceTree = "<group>"; };
		8CC37AE91D2E3E8300ADBC93 /* KxMovieViewController.m */ = {isa = PBXFileReference; fileEncoding = 4; lastKnownFileType = sourcecode.c.objc; path = KxMovieViewController.m; sourceTree = "<group>"; };
		8CC37AF01D2E3F3A00ADBC93 /* JYQVideoVC.swift */ = {isa = PBXFileReference; fileEncoding = 4; lastKnownFileType = sourcecode.swift; path = JYQVideoVC.swift; sourceTree = "<group>"; };
		8CF86AF61D2360B000965703 /* JYQBaseModel.h */ = {isa = PBXFileReference; fileEncoding = 4; lastKnownFileType = sourcecode.c.h; path = JYQBaseModel.h; sourceTree = "<group>"; };
		8CF86AF71D2360B000965703 /* JYQBaseModel.m */ = {isa = PBXFileReference; fileEncoding = 4; lastKnownFileType = sourcecode.c.objc; path = JYQBaseModel.m; sourceTree = "<group>"; };
		8CF86B141D23751200965703 /* MJExtension.h */ = {isa = PBXFileReference; fileEncoding = 4; lastKnownFileType = sourcecode.c.h; path = MJExtension.h; sourceTree = "<group>"; };
		8CF86B151D23751200965703 /* MJExtensionConst.h */ = {isa = PBXFileReference; fileEncoding = 4; lastKnownFileType = sourcecode.c.h; path = MJExtensionConst.h; sourceTree = "<group>"; };
		8CF86B161D23751200965703 /* MJExtensionConst.m */ = {isa = PBXFileReference; fileEncoding = 4; lastKnownFileType = sourcecode.c.objc; path = MJExtensionConst.m; sourceTree = "<group>"; };
		8CF86B171D23751200965703 /* MJFoundation.h */ = {isa = PBXFileReference; fileEncoding = 4; lastKnownFileType = sourcecode.c.h; path = MJFoundation.h; sourceTree = "<group>"; };
		8CF86B181D23751200965703 /* MJFoundation.m */ = {isa = PBXFileReference; fileEncoding = 4; lastKnownFileType = sourcecode.c.objc; path = MJFoundation.m; sourceTree = "<group>"; };
		8CF86B191D23751200965703 /* MJProperty.h */ = {isa = PBXFileReference; fileEncoding = 4; lastKnownFileType = sourcecode.c.h; path = MJProperty.h; sourceTree = "<group>"; };
		8CF86B1A1D23751200965703 /* MJProperty.m */ = {isa = PBXFileReference; fileEncoding = 4; lastKnownFileType = sourcecode.c.objc; path = MJProperty.m; sourceTree = "<group>"; };
		8CF86B1B1D23751200965703 /* MJPropertyKey.h */ = {isa = PBXFileReference; fileEncoding = 4; lastKnownFileType = sourcecode.c.h; path = MJPropertyKey.h; sourceTree = "<group>"; };
		8CF86B1C1D23751200965703 /* MJPropertyKey.m */ = {isa = PBXFileReference; fileEncoding = 4; lastKnownFileType = sourcecode.c.objc; path = MJPropertyKey.m; sourceTree = "<group>"; };
		8CF86B1D1D23751200965703 /* MJPropertyType.h */ = {isa = PBXFileReference; fileEncoding = 4; lastKnownFileType = sourcecode.c.h; path = MJPropertyType.h; sourceTree = "<group>"; };
		8CF86B1E1D23751200965703 /* MJPropertyType.m */ = {isa = PBXFileReference; fileEncoding = 4; lastKnownFileType = sourcecode.c.objc; path = MJPropertyType.m; sourceTree = "<group>"; };
		8CF86B1F1D23751200965703 /* NSObject+MJClass.h */ = {isa = PBXFileReference; fileEncoding = 4; lastKnownFileType = sourcecode.c.h; path = "NSObject+MJClass.h"; sourceTree = "<group>"; };
		8CF86B201D23751200965703 /* NSObject+MJClass.m */ = {isa = PBXFileReference; fileEncoding = 4; lastKnownFileType = sourcecode.c.objc; path = "NSObject+MJClass.m"; sourceTree = "<group>"; };
		8CF86B211D23751200965703 /* NSObject+MJCoding.h */ = {isa = PBXFileReference; fileEncoding = 4; lastKnownFileType = sourcecode.c.h; path = "NSObject+MJCoding.h"; sourceTree = "<group>"; };
		8CF86B221D23751200965703 /* NSObject+MJCoding.m */ = {isa = PBXFileReference; fileEncoding = 4; lastKnownFileType = sourcecode.c.objc; path = "NSObject+MJCoding.m"; sourceTree = "<group>"; };
		8CF86B231D23751200965703 /* NSObject+MJKeyValue.h */ = {isa = PBXFileReference; fileEncoding = 4; lastKnownFileType = sourcecode.c.h; path = "NSObject+MJKeyValue.h"; sourceTree = "<group>"; };
		8CF86B241D23751200965703 /* NSObject+MJKeyValue.m */ = {isa = PBXFileReference; fileEncoding = 4; lastKnownFileType = sourcecode.c.objc; path = "NSObject+MJKeyValue.m"; sourceTree = "<group>"; };
		8CF86B251D23751200965703 /* NSObject+MJProperty.h */ = {isa = PBXFileReference; fileEncoding = 4; lastKnownFileType = sourcecode.c.h; path = "NSObject+MJProperty.h"; sourceTree = "<group>"; };
		8CF86B261D23751200965703 /* NSObject+MJProperty.m */ = {isa = PBXFileReference; fileEncoding = 4; lastKnownFileType = sourcecode.c.objc; path = "NSObject+MJProperty.m"; sourceTree = "<group>"; };
		8CF86B271D23751200965703 /* NSString+MJExtension.h */ = {isa = PBXFileReference; fileEncoding = 4; lastKnownFileType = sourcecode.c.h; path = "NSString+MJExtension.h"; sourceTree = "<group>"; };
		8CF86B281D23751200965703 /* NSString+MJExtension.m */ = {isa = PBXFileReference; fileEncoding = 4; lastKnownFileType = sourcecode.c.objc; path = "NSString+MJExtension.m"; sourceTree = "<group>"; };
/* End PBXFileReference section */

/* Begin PBXFrameworksBuildPhase section */
		8C40500F1D210D0800FFE949 /* Frameworks */ = {
			isa = PBXFrameworksBuildPhase;
			buildActionMask = 2147483647;
			files = (
				8CC37ADD1D2E3CE000ADBC93 /* VideoToolbox.framework in Frameworks */,
				8CC37ADB1D2E3C0100ADBC93 /* libiconv.tbd in Frameworks */,
				8CC37AD91D2E3BF600ADBC93 /* libbz2.tbd in Frameworks */,
				8CC37AD71D2E3BED00ADBC93 /* libz.tbd in Frameworks */,
				8CC37AC21D2E3A4100ADBC93 /* libavutil.a in Frameworks */,
				8CC37AC41D2E3A4100ADBC93 /* libswscale.a in Frameworks */,
				8CC37AC01D2E3A4100ADBC93 /* libavfilter.a in Frameworks */,
				8CC37ABF1D2E3A4100ADBC93 /* libavdevice.a in Frameworks */,
				8CC37ABE1D2E3A4100ADBC93 /* libavcodec.a in Frameworks */,
				8CC37AC31D2E3A4100ADBC93 /* libswresample.a in Frameworks */,
				8CC37AC11D2E3A4100ADBC93 /* libavformat.a in Frameworks */,
			);
			runOnlyForDeploymentPostprocessing = 0;
		};
/* End PBXFrameworksBuildPhase section */

/* Begin PBXGroup section */
		8C0B55BC1D260B810058AADC /* Quartz */ = {
			isa = PBXGroup;
			children = (
				8C0B55BD1D2610840058AADC /* JYQQuartzVC.swift */,
				8C0B55C11D2616A90058AADC /* JYQCustomView.swift */,
				8C0B55C31D2645240058AADC /* JYQGraphView.swift */,
				8C0B55C51D26488D0058AADC /* JYQGraphView.xib */,
			);
			path = Quartz;
			sourceTree = "<group>";
		};
		8C4050091D210D0800FFE949 = {
			isa = PBXGroup;
			children = (
				8CC37ADC1D2E3CE000ADBC93 /* VideoToolbox.framework */,
				8CC37ADA1D2E3C0100ADBC93 /* libiconv.tbd */,
				8CC37AD81D2E3BF600ADBC93 /* libbz2.tbd */,
				8CC37AD61D2E3BED00ADBC93 /* libz.tbd */,
				8C4050321D2124F300FFE949 /* Util */,
				8C4050271D210E2600FFE949 /* Modules */,
				8C4050141D210D0800FFE949 /* LJYQ */,
				8C4050131D210D0800FFE949 /* Products */,
			);
			sourceTree = "<group>";
		};
		8C4050131D210D0800FFE949 /* Products */ = {
			isa = PBXGroup;
			children = (
				8C4050121D210D0800FFE949 /* LJYQ.app */,
			);
			name = Products;
			sourceTree = "<group>";
		};
		8C4050141D210D0800FFE949 /* LJYQ */ = {
			isa = PBXGroup;
			children = (
				8C4050151D210D0800FFE949 /* AppDelegate.swift */,
				8C40502A1D21132B00FFE949 /* JYQTabBarVC.swift */,
				8C4050191D210D0800FFE949 /* Main.storyboard */,
				8C40501C1D210D0800FFE949 /* Assets.xcassets */,
				8C40501E1D210D0800FFE949 /* LaunchScreen.storyboard */,
				8C4050211D210D0800FFE949 /* Info.plist */,
				8CB6C6B61D221A7D0037A4A8 /* BridgingHeader.h */,
				8CB6C6D51D2220C50037A4A8 /* Readme */,
			);
			path = LJYQ;
			sourceTree = "<group>";
		};
		8C4050271D210E2600FFE949 /* Modules */ = {
			isa = PBXGroup;
			children = (
				8CC37AEF1D2E3F2700ADBC93 /* FFmpeg */,
				8C743D061D2B9FAD00576A9D /* Animation */,
				8C0B55BC1D260B810058AADC /* Quartz */,
				8CB6C7201D22658A0037A4A8 /* API */,
				8CB6C6E11D2224D30037A4A8 /* Test */,
				8C40502C1D2113CB00FFE949 /* Fir */,
				8C40502D1D2113CB00FFE949 /* Sec */,
			);
			path = Modules;
			sourceTree = "<group>";
		};
		8C40502C1D2113CB00FFE949 /* Fir */ = {
			isa = PBXGroup;
			children = (
				8C40502E1D2113DF00FFE949 /* JYQFirVC.swift */,
			);
			path = Fir;
			sourceTree = "<group>";
		};
		8C40502D1D2113CB00FFE949 /* Sec */ = {
			isa = PBXGroup;
			children = (
				8C4050301D2113E800FFE949 /* JYQSecVC.swift */,
			);
			path = Sec;
			sourceTree = "<group>";
		};
		8C4050321D2124F300FFE949 /* Util */ = {
			isa = PBXGroup;
			children = (
				8CB6C7141D2264120037A4A8 /* Category */,
				8CB6C7071D2263730037A4A8 /* HttpManager */,
				8CB6C6DB1D2222D80037A4A8 /* UI */,
				8CB6C6AD1D2217A40037A4A8 /* Vendors */,
				8CB6C6AA1D220DBE0037A4A8 /* Log */,
				8CB6C6A71D220B990037A4A8 /* Extensions */,
				8CB6C6A41D22073D0037A4A8 /* Constants */,
				8C4050331D21250B00FFE949 /* Swizzling */,
			);
			path = Util;
			sourceTree = "<group>";
		};
		8C4050331D21250B00FFE949 /* Swizzling */ = {
			isa = PBXGroup;
			children = (
				8C4050341D21254400FFE949 /* JYQVCSwizzling.swift */,
			);
			path = Swizzling;
			sourceTree = "<group>";
		};
		8C743D061D2B9FAD00576A9D /* Animation */ = {
			isa = PBXGroup;
			children = (
				8C743D071D2BA07300576A9D /* JYQCAVC.swift */,
			);
			path = Animation;
			sourceTree = "<group>";
		};
		8CB6C6A41D22073D0037A4A8 /* Constants */ = {
			isa = PBXGroup;
			children = (
				8CB6C6A51D2207C40037A4A8 /* GlobalConstants.swift */,
			);
			path = Constants;
			sourceTree = "<group>";
		};
		8CB6C6A71D220B990037A4A8 /* Extensions */ = {
			isa = PBXGroup;
			children = (
				8CB6C6A81D220C780037A4A8 /* JYQStringExtension.swift */,
				8C8965F11D2277B6009C5122 /* JYQDictExtentsion.swift */,
			);
			path = Extensions;
			sourceTree = "<group>";
		};
		8CB6C6AA1D220DBE0037A4A8 /* Log */ = {
			isa = PBXGroup;
			children = (
				8CB6C6AB1D220DCC0037A4A8 /* JYQLogger.swift */,
			);
			path = Log;
			sourceTree = "<group>";
		};
		8CB6C6AD1D2217A40037A4A8 /* Vendors */ = {
			isa = PBXGroup;
			children = (
				8CC37ADE1D2E3E8300ADBC93 /* kxmovie */,
				8CC37A461D2E3A4100ADBC93 /* FFmpeg-iOS */,
				8CF86B131D23751200965703 /* MJExtension */,
				8CB6C6F31D2262A20037A4A8 /* AFNetworking */,
				8CB6C6D71D2221890037A4A8 /* MBProgressHUD */,
			);
			path = Vendors;
			sourceTree = "<group>";
		};
		8CB6C6D71D2221890037A4A8 /* MBProgressHUD */ = {
			isa = PBXGroup;
			children = (
				8CB6C6D81D2221890037A4A8 /* MBProgressHUD.h */,
				8CB6C6D91D2221890037A4A8 /* MBProgressHUD.m */,
			);
			path = MBProgressHUD;
			sourceTree = "<group>";
		};
		8CB6C6DB1D2222D80037A4A8 /* UI */ = {
			isa = PBXGroup;
			children = (
				8CB6C71C1D2265240037A4A8 /* Color */,
				8CB6C6DC1D2222E80037A4A8 /* HudUtil */,
			);
			path = UI;
			sourceTree = "<group>";
		};
		8CB6C6DC1D2222E80037A4A8 /* HudUtil */ = {
			isa = PBXGroup;
			children = (
				8CB6C6DF1D2223330037A4A8 /* HudUtil.swift */,
			);
			path = HudUtil;
			sourceTree = "<group>";
		};
		8CB6C6E11D2224D30037A4A8 /* Test */ = {
			isa = PBXGroup;
			children = (
				8CB6C6E21D2224E40037A4A8 /* JYQTestModel.swift */,
				8CB6C6E41D2229950037A4A8 /* gcdTest.swift */,
				8C8965EF1D22717A009C5122 /* ApiTest.swift */,
				8C0B55BF1D2613090058AADC /* QuartzTest.swift */,
				8CB7EE3E1D2A3A9A00FEB025 /* CATest.swift */,
			);
			path = Test;
			sourceTree = "<group>";
		};
		8CB6C6F31D2262A20037A4A8 /* AFNetworking */ = {
			isa = PBXGroup;
			children = (
				8CB6C6F41D2262A20037A4A8 /* AFHTTPSessionManager.h */,
				8CB6C6F51D2262A20037A4A8 /* AFHTTPSessionManager.m */,
				8CB6C6F61D2262A20037A4A8 /* AFNetworking.h */,
				8CB6C6F71D2262A20037A4A8 /* AFNetworkReachabilityManager.h */,
				8CB6C6F81D2262A20037A4A8 /* AFNetworkReachabilityManager.m */,
				8CB6C6F91D2262A20037A4A8 /* AFSecurityPolicy.h */,
				8CB6C6FA1D2262A20037A4A8 /* AFSecurityPolicy.m */,
				8CB6C6FB1D2262A20037A4A8 /* AFURLRequestSerialization.h */,
				8CB6C6FC1D2262A20037A4A8 /* AFURLRequestSerialization.m */,
				8CB6C6FD1D2262A20037A4A8 /* AFURLResponseSerialization.h */,
				8CB6C6FE1D2262A20037A4A8 /* AFURLResponseSerialization.m */,
				8CB6C6FF1D2262A20037A4A8 /* AFURLSessionManager.h */,
				8CB6C7001D2262A20037A4A8 /* AFURLSessionManager.m */,
			);
			path = AFNetworking;
			sourceTree = "<group>";
		};
		8CB6C7071D2263730037A4A8 /* HttpManager */ = {
			isa = PBXGroup;
			children = (
				8CB6C7081D2263730037A4A8 /* QLQBaseRequest.h */,
				8CB6C7091D2263730037A4A8 /* QLQBaseRequest.m */,
				8CB6C70A1D2263730037A4A8 /* QLQNetworkAgent.h */,
				8CB6C70B1D2263730037A4A8 /* QLQNetworkAgent.m */,
				8CB6C70C1D2263730037A4A8 /* QLQNetworkConfig.h */,
				8CB6C70D1D2263730037A4A8 /* QLQNetworkConfig.m */,
				8CB6C70E1D2263730037A4A8 /* QLQRequest.h */,
				8CB6C70F1D2263730037A4A8 /* QLQRequest.m */,
			);
			path = HttpManager;
			sourceTree = "<group>";
		};
		8CB6C7141D2264120037A4A8 /* Category */ = {
			isa = PBXGroup;
			children = (
				8CB6C7151D2264120037A4A8 /* NSObject */,
			);
			path = Category;
			sourceTree = "<group>";
		};
		8CB6C7151D2264120037A4A8 /* NSObject */ = {
			isa = PBXGroup;
			children = (
				8CB6C7191D2264650037A4A8 /* NSObject+Property.h */,
				8CB6C71A1D2264650037A4A8 /* NSObject+Property.m */,
				8CB6C7161D22645F0037A4A8 /* NSObject+Model.h */,
				8CB6C7171D22645F0037A4A8 /* NSObject+Model.m */,
			);
			path = NSObject;
			sourceTree = "<group>";
		};
		8CB6C71C1D2265240037A4A8 /* Color */ = {
			isa = PBXGroup;
			children = (
				8CB6C71D1D2265280037A4A8 /* ZZColorUtil.h */,
				8CB6C71E1D2265280037A4A8 /* ZZColorUtil.m */,
			);
			path = Color;
			sourceTree = "<group>";
		};
		8CB6C7201D22658A0037A4A8 /* API */ = {
			isa = PBXGroup;
			children = (
				8CB6C7211D22659B0037A4A8 /* TestApi */,
			);
			path = API;
			sourceTree = "<group>";
		};
		8CB6C7211D22659B0037A4A8 /* TestApi */ = {
			isa = PBXGroup;
			children = (
				8CB6C7221D2265A30037A4A8 /* BannerAPI.h */,
				8CB6C7231D2265A30037A4A8 /* BannerAPI.m */,
				8CF86AF61D2360B000965703 /* JYQBaseModel.h */,
				8CF86AF71D2360B000965703 /* JYQBaseModel.m */,
				8C8965F31D227EFA009C5122 /* JYQBanner.h */,
				8C8965F41D227EFA009C5122 /* JYQBanner.m */,
			);
			path = TestApi;
			sourceTree = "<group>";
		};
		8CC37A461D2E3A4100ADBC93 /* FFmpeg-iOS */ = {
			isa = PBXGroup;
			children = (
				8CC37A471D2E3A4100ADBC93 /* include */,
				8CC37AB61D2E3A4100ADBC93 /* lib */,
			);
			path = "FFmpeg-iOS";
			sourceTree = "<group>";
		};
		8CC37A471D2E3A4100ADBC93 /* include */ = {
			isa = PBXGroup;
			children = (
				8CC37A481D2E3A4100ADBC93 /* libavcodec */,
				8CC37A591D2E3A4100ADBC93 /* libavdevice */,
				8CC37A5C1D2E3A4100ADBC93 /* libavfilter */,
				8CC37A621D2E3A4100ADBC93 /* libavformat */,
				8CC37A661D2E3A4100ADBC93 /* libavutil */,
				8CC37AB01D2E3A4100ADBC93 /* libswresample */,
				8CC37AB31D2E3A4100ADBC93 /* libswscale */,
			);
			path = include;
			sourceTree = "<group>";
		};
		8CC37A481D2E3A4100ADBC93 /* libavcodec */ = {
			isa = PBXGroup;
			children = (
				8CC37A491D2E3A4100ADBC93 /* avcodec.h */,
				8CC37A4A1D2E3A4100ADBC93 /* avdct.h */,
				8CC37A4B1D2E3A4100ADBC93 /* avfft.h */,
				8CC37A4C1D2E3A4100ADBC93 /* d3d11va.h */,
				8CC37A4D1D2E3A4100ADBC93 /* dirac.h */,
				8CC37A4E1D2E3A4100ADBC93 /* dv_profile.h */,
				8CC37A4F1D2E3A4100ADBC93 /* dxva2.h */,
				8CC37A501D2E3A4100ADBC93 /* jni.h */,
				8CC37A511D2E3A4100ADBC93 /* qsv.h */,
				8CC37A521D2E3A4100ADBC93 /* vaapi.h */,
				8CC37A531D2E3A4100ADBC93 /* vda.h */,
				8CC37A541D2E3A4100ADBC93 /* vdpau.h */,
				8CC37A551D2E3A4100ADBC93 /* version.h */,
				8CC37A561D2E3A4100ADBC93 /* videotoolbox.h */,
				8CC37A571D2E3A4100ADBC93 /* vorbis_parser.h */,
				8CC37A581D2E3A4100ADBC93 /* xvmc.h */,
			);
			path = libavcodec;
			sourceTree = "<group>";
		};
		8CC37A591D2E3A4100ADBC93 /* libavdevice */ = {
			isa = PBXGroup;
			children = (
				8CC37A5A1D2E3A4100ADBC93 /* avdevice.h */,
				8CC37A5B1D2E3A4100ADBC93 /* version.h */,
			);
			path = libavdevice;
			sourceTree = "<group>";
		};
		8CC37A5C1D2E3A4100ADBC93 /* libavfilter */ = {
			isa = PBXGroup;
			children = (
				8CC37A5D1D2E3A4100ADBC93 /* avfilter.h */,
				8CC37A5E1D2E3A4100ADBC93 /* avfiltergraph.h */,
				8CC37A5F1D2E3A4100ADBC93 /* buffersink.h */,
				8CC37A601D2E3A4100ADBC93 /* buffersrc.h */,
				8CC37A611D2E3A4100ADBC93 /* version.h */,
			);
			path = libavfilter;
			sourceTree = "<group>";
		};
		8CC37A621D2E3A4100ADBC93 /* libavformat */ = {
			isa = PBXGroup;
			children = (
				8CC37A631D2E3A4100ADBC93 /* avformat.h */,
				8CC37A641D2E3A4100ADBC93 /* avio.h */,
				8CC37A651D2E3A4100ADBC93 /* version.h */,
			);
			path = libavformat;
			sourceTree = "<group>";
		};
		8CC37A661D2E3A4100ADBC93 /* libavutil */ = {
			isa = PBXGroup;
			children = (
				8CC37A671D2E3A4100ADBC93 /* adler32.h */,
				8CC37A681D2E3A4100ADBC93 /* aes.h */,
				8CC37A691D2E3A4100ADBC93 /* aes_ctr.h */,
				8CC37A6A1D2E3A4100ADBC93 /* attributes.h */,
				8CC37A6B1D2E3A4100ADBC93 /* audio_fifo.h */,
				8CC37A6C1D2E3A4100ADBC93 /* avassert.h */,
				8CC37A6D1D2E3A4100ADBC93 /* avconfig.h */,
				8CC37A6E1D2E3A4100ADBC93 /* avstring.h */,
				8CC37A6F1D2E3A4100ADBC93 /* avutil.h */,
				8CC37A701D2E3A4100ADBC93 /* base64.h */,
				8CC37A711D2E3A4100ADBC93 /* blowfish.h */,
				8CC37A721D2E3A4100ADBC93 /* bprint.h */,
				8CC37A731D2E3A4100ADBC93 /* bswap.h */,
				8CC37A741D2E3A4100ADBC93 /* buffer.h */,
				8CC37A751D2E3A4100ADBC93 /* camellia.h */,
				8CC37A761D2E3A4100ADBC93 /* cast5.h */,
				8CC37A771D2E3A4100ADBC93 /* channel_layout.h */,
				8CC37A781D2E3A4100ADBC93 /* common.h */,
				8CC37A791D2E3A4100ADBC93 /* cpu.h */,
				8CC37A7A1D2E3A4100ADBC93 /* crc.h */,
				8CC37A7B1D2E3A4100ADBC93 /* des.h */,
				8CC37A7C1D2E3A4100ADBC93 /* dict.h */,
				8CC37A7D1D2E3A4100ADBC93 /* display.h */,
				8CC37A7E1D2E3A4100ADBC93 /* downmix_info.h */,
				8CC37A7F1D2E3A4100ADBC93 /* error.h */,
				8CC37A801D2E3A4100ADBC93 /* eval.h */,
				8CC37A811D2E3A4100ADBC93 /* ffversion.h */,
				8CC37A821D2E3A4100ADBC93 /* fifo.h */,
				8CC37A831D2E3A4100ADBC93 /* file.h */,
				8CC37A841D2E3A4100ADBC93 /* frame.h */,
				8CC37A851D2E3A4100ADBC93 /* hash.h */,
				8CC37A861D2E3A4100ADBC93 /* hmac.h */,
				8CC37A871D2E3A4100ADBC93 /* hwcontext.h */,
				8CC37A881D2E3A4100ADBC93 /* hwcontext_cuda.h */,
				8CC37A891D2E3A4100ADBC93 /* hwcontext_dxva2.h */,
				8CC37A8A1D2E3A4100ADBC93 /* hwcontext_vaapi.h */,
				8CC37A8B1D2E3A4100ADBC93 /* hwcontext_vdpau.h */,
				8CC37A8C1D2E3A4100ADBC93 /* imgutils.h */,
				8CC37A8D1D2E3A4100ADBC93 /* intfloat.h */,
				8CC37A8E1D2E3A4100ADBC93 /* intreadwrite.h */,
				8CC37A8F1D2E3A4100ADBC93 /* lfg.h */,
				8CC37A901D2E3A4100ADBC93 /* log.h */,
				8CC37A911D2E3A4100ADBC93 /* lzo.h */,
				8CC37A921D2E3A4100ADBC93 /* macros.h */,
				8CC37A931D2E3A4100ADBC93 /* mastering_display_metadata.h */,
				8CC37A941D2E3A4100ADBC93 /* mathematics.h */,
				8CC37A951D2E3A4100ADBC93 /* md5.h */,
				8CC37A961D2E3A4100ADBC93 /* mem.h */,
				8CC37A971D2E3A4100ADBC93 /* motion_vector.h */,
				8CC37A981D2E3A4100ADBC93 /* murmur3.h */,
				8CC37A991D2E3A4100ADBC93 /* opt.h */,
				8CC37A9A1D2E3A4100ADBC93 /* parseutils.h */,
				8CC37A9B1D2E3A4100ADBC93 /* pixdesc.h */,
				8CC37A9C1D2E3A4100ADBC93 /* pixelutils.h */,
				8CC37A9D1D2E3A4100ADBC93 /* pixfmt.h */,
				8CC37A9E1D2E3A4100ADBC93 /* random_seed.h */,
				8CC37A9F1D2E3A4100ADBC93 /* rational.h */,
				8CC37AA01D2E3A4100ADBC93 /* rc4.h */,
				8CC37AA11D2E3A4100ADBC93 /* replaygain.h */,
				8CC37AA21D2E3A4100ADBC93 /* ripemd.h */,
				8CC37AA31D2E3A4100ADBC93 /* samplefmt.h */,
				8CC37AA41D2E3A4100ADBC93 /* sha.h */,
				8CC37AA51D2E3A4100ADBC93 /* sha512.h */,
				8CC37AA61D2E3A4100ADBC93 /* stereo3d.h */,
				8CC37AA71D2E3A4100ADBC93 /* tea.h */,
				8CC37AA81D2E3A4100ADBC93 /* threadmessage.h */,
				8CC37AA91D2E3A4100ADBC93 /* time.h */,
				8CC37AAA1D2E3A4100ADBC93 /* timecode.h */,
				8CC37AAB1D2E3A4100ADBC93 /* timestamp.h */,
				8CC37AAC1D2E3A4100ADBC93 /* tree.h */,
				8CC37AAD1D2E3A4100ADBC93 /* twofish.h */,
				8CC37AAE1D2E3A4100ADBC93 /* version.h */,
				8CC37AAF1D2E3A4100ADBC93 /* xtea.h */,
			);
			path = libavutil;
			sourceTree = "<group>";
		};
		8CC37AB01D2E3A4100ADBC93 /* libswresample */ = {
			isa = PBXGroup;
			children = (
				8CC37AB11D2E3A4100ADBC93 /* swresample.h */,
				8CC37AB21D2E3A4100ADBC93 /* version.h */,
			);
			path = libswresample;
			sourceTree = "<group>";
		};
		8CC37AB31D2E3A4100ADBC93 /* libswscale */ = {
			isa = PBXGroup;
			children = (
				8CC37AB41D2E3A4100ADBC93 /* swscale.h */,
				8CC37AB51D2E3A4100ADBC93 /* version.h */,
			);
			path = libswscale;
			sourceTree = "<group>";
		};
		8CC37AB61D2E3A4100ADBC93 /* lib */ = {
			isa = PBXGroup;
			children = (
				8CC37AB71D2E3A4100ADBC93 /* libavcodec.a */,
				8CC37AB81D2E3A4100ADBC93 /* libavdevice.a */,
				8CC37AB91D2E3A4100ADBC93 /* libavfilter.a */,
				8CC37ABA1D2E3A4100ADBC93 /* libavformat.a */,
				8CC37ABB1D2E3A4100ADBC93 /* libavutil.a */,
				8CC37ABC1D2E3A4100ADBC93 /* libswresample.a */,
				8CC37ABD1D2E3A4100ADBC93 /* libswscale.a */,
			);
			path = lib;
			sourceTree = "<group>";
		};
		8CC37ADE1D2E3E8300ADBC93 /* kxmovie */ = {
			isa = PBXGroup;
			children = (
				8CC37ADF1D2E3E8300ADBC93 /* KxAudioManager.h */,
				8CC37AE01D2E3E8300ADBC93 /* KxAudioManager.m */,
				8CC37AE11D2E3E8300ADBC93 /* KxLogger.h */,
				8CC37AE21D2E3E8300ADBC93 /* kxmovie-Prefix.pch */,
				8CC37AE31D2E3E8300ADBC93 /* kxmovie.bundle */,
				8CC37AE41D2E3E8300ADBC93 /* KxMovieDecoder.h */,
				8CC37AE51D2E3E8300ADBC93 /* KxMovieDecoder.m */,
				8CC37AE61D2E3E8300ADBC93 /* KxMovieGLView.h */,
				8CC37AE71D2E3E8300ADBC93 /* KxMovieGLView.m */,
				8CC37AE81D2E3E8300ADBC93 /* KxMovieViewController.h */,
				8CC37AE91D2E3E8300ADBC93 /* KxMovieViewController.m */,
			);
			path = kxmovie;
			sourceTree = "<group>";
		};
		8CC37AEF1D2E3F2700ADBC93 /* FFmpeg */ = {
			isa = PBXGroup;
			children = (
				8CC37AF01D2E3F3A00ADBC93 /* JYQVideoVC.swift */,
			);
			path = FFmpeg;
			sourceTree = "<group>";
		};
		8CF86B131D23751200965703 /* MJExtension */ = {
			isa = PBXGroup;
			children = (
				8CF86B141D23751200965703 /* MJExtension.h */,
				8CF86B151D23751200965703 /* MJExtensionConst.h */,
				8CF86B161D23751200965703 /* MJExtensionConst.m */,
				8CF86B171D23751200965703 /* MJFoundation.h */,
				8CF86B181D23751200965703 /* MJFoundation.m */,
				8CF86B191D23751200965703 /* MJProperty.h */,
				8CF86B1A1D23751200965703 /* MJProperty.m */,
				8CF86B1B1D23751200965703 /* MJPropertyKey.h */,
				8CF86B1C1D23751200965703 /* MJPropertyKey.m */,
				8CF86B1D1D23751200965703 /* MJPropertyType.h */,
				8CF86B1E1D23751200965703 /* MJPropertyType.m */,
				8CF86B1F1D23751200965703 /* NSObject+MJClass.h */,
				8CF86B201D23751200965703 /* NSObject+MJClass.m */,
				8CF86B211D23751200965703 /* NSObject+MJCoding.h */,
				8CF86B221D23751200965703 /* NSObject+MJCoding.m */,
				8CF86B231D23751200965703 /* NSObject+MJKeyValue.h */,
				8CF86B241D23751200965703 /* NSObject+MJKeyValue.m */,
				8CF86B251D23751200965703 /* NSObject+MJProperty.h */,
				8CF86B261D23751200965703 /* NSObject+MJProperty.m */,
				8CF86B271D23751200965703 /* NSString+MJExtension.h */,
				8CF86B281D23751200965703 /* NSString+MJExtension.m */,
			);
			path = MJExtension;
			sourceTree = "<group>";
		};
/* End PBXGroup section */

/* Begin PBXNativeTarget section */
		8C4050111D210D0800FFE949 /* LJYQ */ = {
			isa = PBXNativeTarget;
			buildConfigurationList = 8C4050241D210D0800FFE949 /* Build configuration list for PBXNativeTarget "LJYQ" */;
			buildPhases = (
				8C40500E1D210D0800FFE949 /* Sources */,
				8C40500F1D210D0800FFE949 /* Frameworks */,
				8C4050101D210D0800FFE949 /* Resources */,
			);
			buildRules = (
			);
			dependencies = (
			);
			name = LJYQ;
			productName = LJYQ;
			productReference = 8C4050121D210D0800FFE949 /* LJYQ.app */;
			productType = "com.apple.product-type.application";
		};
/* End PBXNativeTarget section */

/* Begin PBXProject section */
		8C40500A1D210D0800FFE949 /* Project object */ = {
			isa = PBXProject;
			attributes = {
				CLASSPREFIX = JYQ;
				LastSwiftUpdateCheck = 0730;
				LastUpgradeCheck = 0730;
				ORGANIZATIONNAME = zhou;
				TargetAttributes = {
					8C4050111D210D0800FFE949 = {
						CreatedOnToolsVersion = 7.3.1;
					};
				};
			};
			buildConfigurationList = 8C40500D1D210D0800FFE949 /* Build configuration list for PBXProject "LJYQ" */;
			compatibilityVersion = "Xcode 3.2";
			developmentRegion = English;
			hasScannedForEncodings = 0;
			knownRegions = (
				en,
				Base,
			);
			mainGroup = 8C4050091D210D0800FFE949;
			productRefGroup = 8C4050131D210D0800FFE949 /* Products */;
			projectDirPath = "";
			projectRoot = "";
			targets = (
				8C4050111D210D0800FFE949 /* LJYQ */,
			);
		};
/* End PBXProject section */

/* Begin PBXResourcesBuildPhase section */
		8C4050101D210D0800FFE949 /* Resources */ = {
			isa = PBXResourcesBuildPhase;
			buildActionMask = 2147483647;
			files = (
				8CB6C6D61D2220C50037A4A8 /* Readme in Resources */,
				8C4050201D210D0800FFE949 /* LaunchScreen.storyboard in Resources */,
				8C40501D1D210D0800FFE949 /* Assets.xcassets in Resources */,
				8CC37AEB1D2E3E8300ADBC93 /* kxmovie.bundle in Resources */,
				8C0B55C61D26488D0058AADC /* JYQGraphView.xib in Resources */,
				8C40501B1D210D0800FFE949 /* Main.storyboard in Resources */,
			);
			runOnlyForDeploymentPostprocessing = 0;
		};
/* End PBXResourcesBuildPhase section */

/* Begin PBXSourcesBuildPhase section */
		8C40500E1D210D0800FFE949 /* Sources */ = {
			isa = PBXSourcesBuildPhase;
			buildActionMask = 2147483647;
			files = (
				8CC37AF11D2E3F3A00ADBC93 /* JYQVideoVC.swift in Sources */,
				8CB6C6E51D2229950037A4A8 /* gcdTest.swift in Sources */,
				8CF86AF81D2360B000965703 /* JYQBaseModel.m in Sources */,
				8C0B55C41D2645240058AADC /* JYQGraphView.swift in Sources */,
				8C743D081D2BA07300576A9D /* JYQCAVC.swift in Sources */,
				8CC37AEC1D2E3E8300ADBC93 /* KxMovieDecoder.m in Sources */,
				8CB6C7011D2262A20037A4A8 /* AFHTTPSessionManager.m in Sources */,
				8CB6C7021D2262A20037A4A8 /* AFNetworkReachabilityManager.m in Sources */,
				8CF86B311D23751200965703 /* NSObject+MJProperty.m in Sources */,
				8CB6C7121D2263730037A4A8 /* QLQNetworkConfig.m in Sources */,
				8CF86B2D1D23751200965703 /* MJPropertyType.m in Sources */,
				8C40502F1D2113DF00FFE949 /* JYQFirVC.swift in Sources */,
				8CF86B321D23751200965703 /* NSString+MJExtension.m in Sources */,
				8C8965F51D227EFA009C5122 /* JYQBanner.m in Sources */,
				8C4050311D2113E800FFE949 /* JYQSecVC.swift in Sources */,
				8CF86B2E1D23751200965703 /* NSObject+MJClass.m in Sources */,
				8CB6C7041D2262A20037A4A8 /* AFURLRequestSerialization.m in Sources */,
				8CB7EE3F1D2A3A9A00FEB025 /* CATest.swift in Sources */,
				8CB6C7101D2263730037A4A8 /* QLQBaseRequest.m in Sources */,
				8CF86B2B1D23751200965703 /* MJProperty.m in Sources */,
				8CB6C7181D22645F0037A4A8 /* NSObject+Model.m in Sources */,
				8CB6C7241D2265A30037A4A8 /* BannerAPI.m in Sources */,
				8C0B55BE1D2610840058AADC /* JYQQuartzVC.swift in Sources */,
				8C0B55C01D2613090058AADC /* QuartzTest.swift in Sources */,
				8CB6C7031D2262A20037A4A8 /* AFSecurityPolicy.m in Sources */,
				8CB6C7061D2262A20037A4A8 /* AFURLSessionManager.m in Sources */,
				8CB6C6E01D2223330037A4A8 /* HudUtil.swift in Sources */,
				8CB6C6A91D220C780037A4A8 /* JYQStringExtension.swift in Sources */,
				8CB6C6DA1D2221890037A4A8 /* MBProgressHUD.m in Sources */,
				8CF86B301D23751200965703 /* NSObject+MJKeyValue.m in Sources */,
				8CC37AEA1D2E3E8300ADBC93 /* KxAudioManager.m in Sources */,
				8C40502B1D21132B00FFE949 /* JYQTabBarVC.swift in Sources */,
				8CF86B2F1D23751200965703 /* NSObject+MJCoding.m in Sources */,
				8C8965F21D2277B6009C5122 /* JYQDictExtentsion.swift in Sources */,
				8C8965F01D22717A009C5122 /* ApiTest.swift in Sources */,
				8CB6C71B1D2264650037A4A8 /* NSObject+Property.m in Sources */,
				8CB6C6E31D2224E40037A4A8 /* JYQTestModel.swift in Sources */,
				8CF86B2C1D23751200965703 /* MJPropertyKey.m in Sources */,
				8C4050161D210D0800FFE949 /* AppDelegate.swift in Sources */,
				8CF86B2A1D23751200965703 /* MJFoundation.m in Sources */,
				8CC37AED1D2E3E8300ADBC93 /* KxMovieGLView.m in Sources */,
				8C0B55C21D2616A90058AADC /* JYQCustomView.swift in Sources */,
				8CB6C6A61D2207C40037A4A8 /* GlobalConstants.swift in Sources */,
				8CC37AEE1D2E3E8300ADBC93 /* KxMovieViewController.m in Sources */,
				8CB6C71F1D2265280037A4A8 /* ZZColorUtil.m in Sources */,
				8CB6C6AC1D220DCC0037A4A8 /* JYQLogger.swift in Sources */,
				8C4050351D21254400FFE949 /* JYQVCSwizzling.swift in Sources */,
				8CB6C7051D2262A20037A4A8 /* AFURLResponseSerialization.m in Sources */,
				8CB6C7131D2263730037A4A8 /* QLQRequest.m in Sources */,
				8CF86B291D23751200965703 /* MJExtensionConst.m in Sources */,
				8CB6C7111D2263730037A4A8 /* QLQNetworkAgent.m in Sources */,
			);
			runOnlyForDeploymentPostprocessing = 0;
		};
/* End PBXSourcesBuildPhase section */

/* Begin PBXVariantGroup section */
		8C4050191D210D0800FFE949 /* Main.storyboard */ = {
			isa = PBXVariantGroup;
			children = (
				8C40501A1D210D0800FFE949 /* Base */,
			);
			name = Main.storyboard;
			sourceTree = "<group>";
		};
		8C40501E1D210D0800FFE949 /* LaunchScreen.storyboard */ = {
			isa = PBXVariantGroup;
			children = (
				8C40501F1D210D0800FFE949 /* Base */,
			);
			name = LaunchScreen.storyboard;
			sourceTree = "<group>";
		};
/* End PBXVariantGroup section */

/* Begin XCBuildConfiguration section */
		8C4050221D210D0800FFE949 /* Debug */ = {
			isa = XCBuildConfiguration;
			buildSettings = {
				ALWAYS_SEARCH_USER_PATHS = NO;
				CLANG_ANALYZER_NONNULL = YES;
				CLANG_CXX_LANGUAGE_STANDARD = "gnu++0x";
				CLANG_CXX_LIBRARY = "libc++";
				CLANG_ENABLE_MODULES = YES;
				CLANG_ENABLE_OBJC_ARC = YES;
				CLANG_WARN_BOOL_CONVERSION = YES;
				CLANG_WARN_CONSTANT_CONVERSION = YES;
				CLANG_WARN_DIRECT_OBJC_ISA_USAGE = YES_ERROR;
				CLANG_WARN_EMPTY_BODY = YES;
				CLANG_WARN_ENUM_CONVERSION = YES;
				CLANG_WARN_INT_CONVERSION = YES;
				CLANG_WARN_OBJC_ROOT_CLASS = YES_ERROR;
				CLANG_WARN_UNREACHABLE_CODE = YES;
				CLANG_WARN__DUPLICATE_METHOD_MATCH = YES;
				"CODE_SIGN_IDENTITY[sdk=iphoneos*]" = "iPhone Developer";
				COPY_PHASE_STRIP = NO;
				DEBUG_INFORMATION_FORMAT = dwarf;
				ENABLE_STRICT_OBJC_MSGSEND = YES;
				ENABLE_TESTABILITY = YES;
				GCC_C_LANGUAGE_STANDARD = gnu99;
				GCC_DYNAMIC_NO_PIC = NO;
				GCC_NO_COMMON_BLOCKS = YES;
				GCC_OPTIMIZATION_LEVEL = 0;
				GCC_PREPROCESSOR_DEFINITIONS = (
					"DEBUG=1",
					"$(inherited)",
				);
				GCC_WARN_64_TO_32_BIT_CONVERSION = YES;
				GCC_WARN_ABOUT_RETURN_TYPE = YES_ERROR;
				GCC_WARN_UNDECLARED_SELECTOR = YES;
				GCC_WARN_UNINITIALIZED_AUTOS = YES_AGGRESSIVE;
				GCC_WARN_UNUSED_FUNCTION = YES;
				GCC_WARN_UNUSED_VARIABLE = YES;
				IPHONEOS_DEPLOYMENT_TARGET = 9.3;
				MTL_ENABLE_DEBUG_INFO = YES;
				ONLY_ACTIVE_ARCH = YES;
				SDKROOT = iphoneos;
				SWIFT_OPTIMIZATION_LEVEL = "-Onone";
				TARGETED_DEVICE_FAMILY = "1,2";
			};
			name = Debug;
		};
		8C4050231D210D0800FFE949 /* Release */ = {
			isa = XCBuildConfiguration;
			buildSettings = {
				ALWAYS_SEARCH_USER_PATHS = NO;
				CLANG_ANALYZER_NONNULL = YES;
				CLANG_CXX_LANGUAGE_STANDARD = "gnu++0x";
				CLANG_CXX_LIBRARY = "libc++";
				CLANG_ENABLE_MODULES = YES;
				CLANG_ENABLE_OBJC_ARC = YES;
				CLANG_WARN_BOOL_CONVERSION = YES;
				CLANG_WARN_CONSTANT_CONVERSION = YES;
				CLANG_WARN_DIRECT_OBJC_ISA_USAGE = YES_ERROR;
				CLANG_WARN_EMPTY_BODY = YES;
				CLANG_WARN_ENUM_CONVERSION = YES;
				CLANG_WARN_INT_CONVERSION = YES;
				CLANG_WARN_OBJC_ROOT_CLASS = YES_ERROR;
				CLANG_WARN_UNREACHABLE_CODE = YES;
				CLANG_WARN__DUPLICATE_METHOD_MATCH = YES;
				"CODE_SIGN_IDENTITY[sdk=iphoneos*]" = "iPhone Developer";
				COPY_PHASE_STRIP = NO;
				DEBUG_INFORMATION_FORMAT = "dwarf-with-dsym";
				ENABLE_NS_ASSERTIONS = NO;
				ENABLE_STRICT_OBJC_MSGSEND = YES;
				GCC_C_LANGUAGE_STANDARD = gnu99;
				GCC_NO_COMMON_BLOCKS = YES;
				GCC_WARN_64_TO_32_BIT_CONVERSION = YES;
				GCC_WARN_ABOUT_RETURN_TYPE = YES_ERROR;
				GCC_WARN_UNDECLARED_SELECTOR = YES;
				GCC_WARN_UNINITIALIZED_AUTOS = YES_AGGRESSIVE;
				GCC_WARN_UNUSED_FUNCTION = YES;
				GCC_WARN_UNUSED_VARIABLE = YES;
				IPHONEOS_DEPLOYMENT_TARGET = 9.3;
				MTL_ENABLE_DEBUG_INFO = NO;
				SDKROOT = iphoneos;
				TARGETED_DEVICE_FAMILY = "1,2";
				VALIDATE_PRODUCT = YES;
			};
			name = Release;
		};
		8C4050251D210D0800FFE949 /* Debug */ = {
			isa = XCBuildConfiguration;
			buildSettings = {
				ASSETCATALOG_COMPILER_APPICON_NAME = AppIcon;
				HEADER_SEARCH_PATHS = "${SRCROOT}/Util/Vendors/FFmpeg-iOS/include";
				INFOPLIST_FILE = LJYQ/Info.plist;
				IPHONEOS_DEPLOYMENT_TARGET = 8.0;
				LD_RUNPATH_SEARCH_PATHS = "$(inherited) @executable_path/Frameworks";
				LIBRARY_SEARCH_PATHS = (
					"$(inherited)",
					"$(PROJECT_DIR)/Util/Vendors/FFmpeg-iOS/lib",
				);
				OTHER_SWIFT_FLAGS = "-D DEBUG";
				PRODUCT_BUNDLE_IDENTIFIER = com.zhou.LJYQ;
				PRODUCT_NAME = "$(TARGET_NAME)";
				SWIFT_OBJC_BRIDGING_HEADER = "${SRCROOT}/LJYQ/BridgingHeader.h";
			};
			name = Debug;
		};
		8C4050261D210D0800FFE949 /* Release */ = {
			isa = XCBuildConfiguration;
			buildSettings = {
				ASSETCATALOG_COMPILER_APPICON_NAME = AppIcon;
				HEADER_SEARCH_PATHS = "${SRCROOT}/Util/Vendors/FFmpeg-iOS/include";
				INFOPLIST_FILE = LJYQ/Info.plist;
				IPHONEOS_DEPLOYMENT_TARGET = 8.0;
				LD_RUNPATH_SEARCH_PATHS = "$(inherited) @executable_path/Frameworks";
				LIBRARY_SEARCH_PATHS = (
					"$(inherited)",
					"$(PROJECT_DIR)/Util/Vendors/FFmpeg-iOS/lib",
				);
				OTHER_SWIFT_FLAGS = "-D DEBUG";
				PRODUCT_BUNDLE_IDENTIFIER = com.zhou.LJYQ;
				PRODUCT_NAME = "$(TARGET_NAME)";
				SWIFT_OBJC_BRIDGING_HEADER = "${SRCROOT}/LJYQ/BridgingHeader.h";
			};
			name = Release;
		};
/* End XCBuildConfiguration section */

/* Begin XCConfigurationList section */
		8C40500D1D210D0800FFE949 /* Build configuration list for PBXProject "LJYQ" */ = {
			isa = XCConfigurationList;
			buildConfigurations = (
				8C4050221D210D0800FFE949 /* Debug */,
				8C4050231D210D0800FFE949 /* Release */,
			);
			defaultConfigurationIsVisible = 0;
			defaultConfigurationName = Release;
		};
		8C4050241D210D0800FFE949 /* Build configuration list for PBXNativeTarget "LJYQ" */ = {
			isa = XCConfigurationList;
			buildConfigurations = (
				8C4050251D210D0800FFE949 /* Debug */,
				8C4050261D210D0800FFE949 /* Release */,
			);
			defaultConfigurationIsVisible = 0;
			defaultConfigurationName = Release;
		};
/* End XCConfigurationList section */
	};
	rootObject = 8C40500A1D210D0800FFE949 /* Project object */;
}
