// !$*UTF8*$!
{
	archiveVersion = 1;
	classes = {
	};
	objectVersion = 46;
	objects = {

/* Begin PBXBuildFile section */
		8C4050161D210D0800FFE949 /* AppDelegate.swift in Sources */ = {isa = PBXBuildFile; fileRef = 8C4050151D210D0800FFE949 /* AppDelegate.swift */; };
		8C40501B1D210D0800FFE949 /* Main.storyboard in Resources */ = {isa = PBXBuildFile; fileRef = 8C4050191D210D0800FFE949 /* Main.storyboard */; };
		8C40501D1D210D0800FFE949 /* Assets.xcassets in Resources */ = {isa = PBXBuildFile; fileRef = 8C40501C1D210D0800FFE949 /* Assets.xcassets */; };
		8C4050201D210D0800FFE949 /* LaunchScreen.storyboard in Resources */ = {isa = PBXBuildFile; fileRef = 8C40501E1D210D0800FFE949 /* LaunchScreen.storyboard */; };
		8C4050291D210EEB00FFE949 /* Readme in Resources */ = {isa = PBXBuildFile; fileRef = 8C4050281D210EEB00FFE949 /* Readme */; };
		8C40502B1D21132B00FFE949 /* JYQTabBarVC.swift in Sources */ = {isa = PBXBuildFile; fileRef = 8C40502A1D21132B00FFE949 /* JYQTabBarVC.swift */; };
		8C40502F1D2113DF00FFE949 /* JYQFirVC.swift in Sources */ = {isa = PBXBuildFile; fileRef = 8C40502E1D2113DF00FFE949 /* JYQFirVC.swift */; };
		8C4050311D2113E800FFE949 /* JYQSecVC.swift in Sources */ = {isa = PBXBuildFile; fileRef = 8C4050301D2113E800FFE949 /* JYQSecVC.swift */; };
		8C4050351D21254400FFE949 /* JYQVCSwizzling.swift in Sources */ = {isa = PBXBuildFile; fileRef = 8C4050341D21254400FFE949 /* JYQVCSwizzling.swift */; };
		8CB6C6A61D2207C40037A4A8 /* GlobalConstants.swift in Sources */ = {isa = PBXBuildFile; fileRef = 8CB6C6A51D2207C40037A4A8 /* GlobalConstants.swift */; };
		8CB6C6A91D220C780037A4A8 /* JYQStringExtension.swift in Sources */ = {isa = PBXBuildFile; fileRef = 8CB6C6A81D220C780037A4A8 /* JYQStringExtension.swift */; };
		8CB6C6AC1D220DCC0037A4A8 /* JYQLogger.swift in Sources */ = {isa = PBXBuildFile; fileRef = 8CB6C6AB1D220DCC0037A4A8 /* JYQLogger.swift */; };
/* End PBXBuildFile section */

/* Begin PBXFileReference section */
		8C4050121D210D0800FFE949 /* LJYQ.app */ = {isa = PBXFileReference; explicitFileType = wrapper.application; includeInIndex = 0; path = LJYQ.app; sourceTree = BUILT_PRODUCTS_DIR; };
		8C4050151D210D0800FFE949 /* AppDelegate.swift */ = {isa = PBXFileReference; lastKnownFileType = sourcecode.swift; path = AppDelegate.swift; sourceTree = "<group>"; };
		8C40501A1D210D0800FFE949 /* Base */ = {isa = PBXFileReference; lastKnownFileType = file.storyboard; name = Base; path = Base.lproj/Main.storyboard; sourceTree = "<group>"; };
		8C40501C1D210D0800FFE949 /* Assets.xcassets */ = {isa = PBXFileReference; lastKnownFileType = folder.assetcatalog; path = Assets.xcassets; sourceTree = "<group>"; };
		8C40501F1D210D0800FFE949 /* Base */ = {isa = PBXFileReference; lastKnownFileType = file.storyboard; name = Base; path = Base.lproj/LaunchScreen.storyboard; sourceTree = "<group>"; };
		8C4050211D210D0800FFE949 /* Info.plist */ = {isa = PBXFileReference; lastKnownFileType = text.plist.xml; path = Info.plist; sourceTree = "<group>"; };
		8C4050281D210EEB00FFE949 /* Readme */ = {isa = PBXFileReference; fileEncoding = 4; lastKnownFileType = text; path = Readme; sourceTree = "<group>"; };
		8C40502A1D21132B00FFE949 /* JYQTabBarVC.swift */ = {isa = PBXFileReference; fileEncoding = 4; lastKnownFileType = sourcecode.swift; path = JYQTabBarVC.swift; sourceTree = "<group>"; };
		8C40502E1D2113DF00FFE949 /* JYQFirVC.swift */ = {isa = PBXFileReference; fileEncoding = 4; lastKnownFileType = sourcecode.swift; path = JYQFirVC.swift; sourceTree = "<group>"; };
		8C4050301D2113E800FFE949 /* JYQSecVC.swift */ = {isa = PBXFileReference; fileEncoding = 4; lastKnownFileType = sourcecode.swift; path = JYQSecVC.swift; sourceTree = "<group>"; };
		8C4050341D21254400FFE949 /* JYQVCSwizzling.swift */ = {isa = PBXFileReference; fileEncoding = 4; lastKnownFileType = sourcecode.swift; path = JYQVCSwizzling.swift; sourceTree = "<group>"; };
		8CB6C6A51D2207C40037A4A8 /* GlobalConstants.swift */ = {isa = PBXFileReference; fileEncoding = 4; lastKnownFileType = sourcecode.swift; path = GlobalConstants.swift; sourceTree = "<group>"; };
		8CB6C6A81D220C780037A4A8 /* JYQStringExtension.swift */ = {isa = PBXFileReference; fileEncoding = 4; lastKnownFileType = sourcecode.swift; path = JYQStringExtension.swift; sourceTree = "<group>"; };
		8CB6C6AB1D220DCC0037A4A8 /* JYQLogger.swift */ = {isa = PBXFileReference; fileEncoding = 4; lastKnownFileType = sourcecode.swift; path = JYQLogger.swift; sourceTree = "<group>"; };
/* End PBXFileReference section */

/* Begin PBXFrameworksBuildPhase section */
		8C40500F1D210D0800FFE949 /* Frameworks */ = {
			isa = PBXFrameworksBuildPhase;
			buildActionMask = 2147483647;
			files = (
			);
			runOnlyForDeploymentPostprocessing = 0;
		};
/* End PBXFrameworksBuildPhase section */

/* Begin PBXGroup section */
		8C4050091D210D0800FFE949 = {
			isa = PBXGroup;
			children = (
				8C4050281D210EEB00FFE949 /* Readme */,
				8C4050321D2124F300FFE949 /* Util */,
				8C4050271D210E2600FFE949 /* Modules */,
				8C4050141D210D0800FFE949 /* LJYQ */,
				8C4050131D210D0800FFE949 /* Products */,
			);
			sourceTree = "<group>";
		};
		8C4050131D210D0800FFE949 /* Products */ = {
			isa = PBXGroup;
			children = (
				8C4050121D210D0800FFE949 /* LJYQ.app */,
			);
			name = Products;
			sourceTree = "<group>";
		};
		8C4050141D210D0800FFE949 /* LJYQ */ = {
			isa = PBXGroup;
			children = (
				8C4050151D210D0800FFE949 /* AppDelegate.swift */,
				8C40502A1D21132B00FFE949 /* JYQTabBarVC.swift */,
				8C4050191D210D0800FFE949 /* Main.storyboard */,
				8C40501C1D210D0800FFE949 /* Assets.xcassets */,
				8C40501E1D210D0800FFE949 /* LaunchScreen.storyboard */,
				8C4050211D210D0800FFE949 /* Info.plist */,
			);
			path = LJYQ;
			sourceTree = "<group>";
		};
		8C4050271D210E2600FFE949 /* Modules */ = {
			isa = PBXGroup;
			children = (
				8C40502C1D2113CB00FFE949 /* Fir */,
				8C40502D1D2113CB00FFE949 /* Sec */,
			);
			path = Modules;
			sourceTree = "<group>";
		};
		8C40502C1D2113CB00FFE949 /* Fir */ = {
			isa = PBXGroup;
			children = (
				8C40502E1D2113DF00FFE949 /* JYQFirVC.swift */,
			);
			path = Fir;
			sourceTree = "<group>";
		};
		8C40502D1D2113CB00FFE949 /* Sec */ = {
			isa = PBXGroup;
			children = (
				8C4050301D2113E800FFE949 /* JYQSecVC.swift */,
			);
			path = Sec;
			sourceTree = "<group>";
		};
		8C4050321D2124F300FFE949 /* Util */ = {
			isa = PBXGroup;
			children = (
				8CB6C6AA1D220DBE0037A4A8 /* Log */,
				8CB6C6A71D220B990037A4A8 /* Extensions */,
				8CB6C6A41D22073D0037A4A8 /* Constants */,
				8C4050331D21250B00FFE949 /* Swizzling */,
			);
			path = Util;
			sourceTree = "<group>";
		};
		8C4050331D21250B00FFE949 /* Swizzling */ = {
			isa = PBXGroup;
			children = (
				8C4050341D21254400FFE949 /* JYQVCSwizzling.swift */,
			);
			path = Swizzling;
			sourceTree = "<group>";
		};
		8CB6C6A41D22073D0037A4A8 /* Constants */ = {
			isa = PBXGroup;
			children = (
				8CB6C6A51D2207C40037A4A8 /* GlobalConstants.swift */,
			);
			path = Constants;
			sourceTree = "<group>";
		};
		8CB6C6A71D220B990037A4A8 /* Extensions */ = {
			isa = PBXGroup;
			children = (
				8CB6C6A81D220C780037A4A8 /* JYQStringExtension.swift */,
			);
			path = Extensions;
			sourceTree = "<group>";
		};
		8CB6C6AA1D220DBE0037A4A8 /* Log */ = {
			isa = PBXGroup;
			children = (
				8CB6C6AB1D220DCC0037A4A8 /* JYQLogger.swift */,
			);
			path = Log;
			sourceTree = "<group>";
		};
/* End PBXGroup section */

/* Begin PBXNativeTarget section */
		8C4050111D210D0800FFE949 /* LJYQ */ = {
			isa = PBXNativeTarget;
			buildConfigurationList = 8C4050241D210D0800FFE949 /* Build configuration list for PBXNativeTarget "LJYQ" */;
			buildPhases = (
				8C40500E1D210D0800FFE949 /* Sources */,
				8C40500F1D210D0800FFE949 /* Frameworks */,
				8C4050101D210D0800FFE949 /* Resources */,
			);
			buildRules = (
			);
			dependencies = (
			);
			name = LJYQ;
			productName = LJYQ;
			productReference = 8C4050121D210D0800FFE949 /* LJYQ.app */;
			productType = "com.apple.product-type.application";
		};
/* End PBXNativeTarget section */

/* Begin PBXProject section */
		8C40500A1D210D0800FFE949 /* Project object */ = {
			isa = PBXProject;
			attributes = {
				CLASSPREFIX = JYQ;
				LastSwiftUpdateCheck = 0730;
				LastUpgradeCheck = 0730;
				ORGANIZATIONNAME = zhou;
				TargetAttributes = {
					8C4050111D210D0800FFE949 = {
						CreatedOnToolsVersion = 7.3.1;
					};
				};
			};
			buildConfigurationList = 8C40500D1D210D0800FFE949 /* Build configuration list for PBXProject "LJYQ" */;
			compatibilityVersion = "Xcode 3.2";
			developmentRegion = English;
			hasScannedForEncodings = 0;
			knownRegions = (
				en,
				Base,
			);
			mainGroup = 8C4050091D210D0800FFE949;
			productRefGroup = 8C4050131D210D0800FFE949 /* Products */;
			projectDirPath = "";
			projectRoot = "";
			targets = (
				8C4050111D210D0800FFE949 /* LJYQ */,
			);
		};
/* End PBXProject section */

/* Begin PBXResourcesBuildPhase section */
		8C4050101D210D0800FFE949 /* Resources */ = {
			isa = PBXResourcesBuildPhase;
			buildActionMask = 2147483647;
			files = (
				8C4050291D210EEB00FFE949 /* Readme in Resources */,
				8C4050201D210D0800FFE949 /* LaunchScreen.storyboard in Resources */,
				8C40501D1D210D0800FFE949 /* Assets.xcassets in Resources */,
				8C40501B1D210D0800FFE949 /* Main.storyboard in Resources */,
			);
			runOnlyForDeploymentPostprocessing = 0;
		};
/* End PBXResourcesBuildPhase section */

/* Begin PBXSourcesBuildPhase section */
		8C40500E1D210D0800FFE949 /* Sources */ = {
			isa = PBXSourcesBuildPhase;
			buildActionMask = 2147483647;
			files = (
				8C40502F1D2113DF00FFE949 /* JYQFirVC.swift in Sources */,
				8C4050311D2113E800FFE949 /* JYQSecVC.swift in Sources */,
				8CB6C6A91D220C780037A4A8 /* JYQStringExtension.swift in Sources */,
				8C40502B1D21132B00FFE949 /* JYQTabBarVC.swift in Sources */,
				8C4050161D210D0800FFE949 /* AppDelegate.swift in Sources */,
				8CB6C6A61D2207C40037A4A8 /* GlobalConstants.swift in Sources */,
				8CB6C6AC1D220DCC0037A4A8 /* JYQLogger.swift in Sources */,
				8C4050351D21254400FFE949 /* JYQVCSwizzling.swift in Sources */,
			);
			runOnlyForDeploymentPostprocessing = 0;
		};
/* End PBXSourcesBuildPhase section */

/* Begin PBXVariantGroup section */
		8C4050191D210D0800FFE949 /* Main.storyboard */ = {
			isa = PBXVariantGroup;
			children = (
				8C40501A1D210D0800FFE949 /* Base */,
			);
			name = Main.storyboard;
			sourceTree = "<group>";
		};
		8C40501E1D210D0800FFE949 /* LaunchScreen.storyboard */ = {
			isa = PBXVariantGroup;
			children = (
				8C40501F1D210D0800FFE949 /* Base */,
			);
			name = LaunchScreen.storyboard;
			sourceTree = "<group>";
		};
/* End PBXVariantGroup section */

/* Begin XCBuildConfiguration section */
		8C4050221D210D0800FFE949 /* Debug */ = {
			isa = XCBuildConfiguration;
			buildSettings = {
				ALWAYS_SEARCH_USER_PATHS = NO;
				CLANG_ANALYZER_NONNULL = YES;
				CLANG_CXX_LANGUAGE_STANDARD = "gnu++0x";
				CLANG_CXX_LIBRARY = "libc++";
				CLANG_ENABLE_MODULES = YES;
				CLANG_ENABLE_OBJC_ARC = YES;
				CLANG_WARN_BOOL_CONVERSION = YES;
				CLANG_WARN_CONSTANT_CONVERSION = YES;
				CLANG_WARN_DIRECT_OBJC_ISA_USAGE = YES_ERROR;
				CLANG_WARN_EMPTY_BODY = YES;
				CLANG_WARN_ENUM_CONVERSION = YES;
				CLANG_WARN_INT_CONVERSION = YES;
				CLANG_WARN_OBJC_ROOT_CLASS = YES_ERROR;
				CLANG_WARN_UNREACHABLE_CODE = YES;
				CLANG_WARN__DUPLICATE_METHOD_MATCH = YES;
				"CODE_SIGN_IDENTITY[sdk=iphoneos*]" = "iPhone Developer";
				COPY_PHASE_STRIP = NO;
				DEBUG_INFORMATION_FORMAT = dwarf;
				ENABLE_STRICT_OBJC_MSGSEND = YES;
				ENABLE_TESTABILITY = YES;
				GCC_C_LANGUAGE_STANDARD = gnu99;
				GCC_DYNAMIC_NO_PIC = NO;
				GCC_NO_COMMON_BLOCKS = YES;
				GCC_OPTIMIZATION_LEVEL = 0;
				GCC_PREPROCESSOR_DEFINITIONS = (
					"DEBUG=1",
					"$(inherited)",
				);
				GCC_WARN_64_TO_32_BIT_CONVERSION = YES;
				GCC_WARN_ABOUT_RETURN_TYPE = YES_ERROR;
				GCC_WARN_UNDECLARED_SELECTOR = YES;
				GCC_WARN_UNINITIALIZED_AUTOS = YES_AGGRESSIVE;
				GCC_WARN_UNUSED_FUNCTION = YES;
				GCC_WARN_UNUSED_VARIABLE = YES;
				IPHONEOS_DEPLOYMENT_TARGET = 9.3;
				MTL_ENABLE_DEBUG_INFO = YES;
				ONLY_ACTIVE_ARCH = YES;
				SDKROOT = iphoneos;
				SWIFT_OPTIMIZATION_LEVEL = "-Onone";
				TARGETED_DEVICE_FAMILY = "1,2";
			};
			name = Debug;
		};
		8C4050231D210D0800FFE949 /* Release */ = {
			isa = XCBuildConfiguration;
			buildSettings = {
				ALWAYS_SEARCH_USER_PATHS = NO;
				CLANG_ANALYZER_NONNULL = YES;
				CLANG_CXX_LANGUAGE_STANDARD = "gnu++0x";
				CLANG_CXX_LIBRARY = "libc++";
				CLANG_ENABLE_MODULES = YES;
				CLANG_ENABLE_OBJC_ARC = YES;
				CLANG_WARN_BOOL_CONVERSION = YES;
				CLANG_WARN_CONSTANT_CONVERSION = YES;
				CLANG_WARN_DIRECT_OBJC_ISA_USAGE = YES_ERROR;
				CLANG_WARN_EMPTY_BODY = YES;
				CLANG_WARN_ENUM_CONVERSION = YES;
				CLANG_WARN_INT_CONVERSION = YES;
				CLANG_WARN_OBJC_ROOT_CLASS = YES_ERROR;
				CLANG_WARN_UNREACHABLE_CODE = YES;
				CLANG_WARN__DUPLICATE_METHOD_MATCH = YES;
				"CODE_SIGN_IDENTITY[sdk=iphoneos*]" = "iPhone Developer";
				COPY_PHASE_STRIP = NO;
				DEBUG_INFORMATION_FORMAT = "dwarf-with-dsym";
				ENABLE_NS_ASSERTIONS = NO;
				ENABLE_STRICT_OBJC_MSGSEND = YES;
				GCC_C_LANGUAGE_STANDARD = gnu99;
				GCC_NO_COMMON_BLOCKS = YES;
				GCC_WARN_64_TO_32_BIT_CONVERSION = YES;
				GCC_WARN_ABOUT_RETURN_TYPE = YES_ERROR;
				GCC_WARN_UNDECLARED_SELECTOR = YES;
				GCC_WARN_UNINITIALIZED_AUTOS = YES_AGGRESSIVE;
				GCC_WARN_UNUSED_FUNCTION = YES;
				GCC_WARN_UNUSED_VARIABLE = YES;
				IPHONEOS_DEPLOYMENT_TARGET = 9.3;
				MTL_ENABLE_DEBUG_INFO = NO;
				SDKROOT = iphoneos;
				TARGETED_DEVICE_FAMILY = "1,2";
				VALIDATE_PRODUCT = YES;
			};
			name = Release;
		};
		8C4050251D210D0800FFE949 /* Debug */ = {
			isa = XCBuildConfiguration;
			buildSettings = {
				ASSETCATALOG_COMPILER_APPICON_NAME = AppIcon;
				INFOPLIST_FILE = LJYQ/Info.plist;
				IPHONEOS_DEPLOYMENT_TARGET = 8.0;
				LD_RUNPATH_SEARCH_PATHS = "$(inherited) @executable_path/Frameworks";
				OTHER_SWIFT_FLAGS = "-D DEBUG";
				PRODUCT_BUNDLE_IDENTIFIER = com.zhou.LJYQ;
				PRODUCT_NAME = "$(TARGET_NAME)";
			};
			name = Debug;
		};
		8C4050261D210D0800FFE949 /* Release */ = {
			isa = XCBuildConfiguration;
			buildSettings = {
				ASSETCATALOG_COMPILER_APPICON_NAME = AppIcon;
				INFOPLIST_FILE = LJYQ/Info.plist;
				IPHONEOS_DEPLOYMENT_TARGET = 8.0;
				LD_RUNPATH_SEARCH_PATHS = "$(inherited) @executable_path/Frameworks";
				OTHER_SWIFT_FLAGS = "-D DEBUG";
				PRODUCT_BUNDLE_IDENTIFIER = com.zhou.LJYQ;
				PRODUCT_NAME = "$(TARGET_NAME)";
			};
			name = Release;
		};
/* End XCBuildConfiguration section */

/* Begin XCConfigurationList section */
		8C40500D1D210D0800FFE949 /* Build configuration list for PBXProject "LJYQ" */ = {
			isa = XCConfigurationList;
			buildConfigurations = (
				8C4050221D210D0800FFE949 /* Debug */,
				8C4050231D210D0800FFE949 /* Release */,
			);
			defaultConfigurationIsVisible = 0;
			defaultConfigurationName = Release;
		};
		8C4050241D210D0800FFE949 /* Build configuration list for PBXNativeTarget "LJYQ" */ = {
			isa = XCConfigurationList;
			buildConfigurations = (
				8C4050251D210D0800FFE949 /* Debug */,
				8C4050261D210D0800FFE949 /* Release */,
			);
			defaultConfigurationIsVisible = 0;
			defaultConfigurationName = Release;
		};
/* End XCConfigurationList section */
	};
	rootObject = 8C40500A1D210D0800FFE949 /* Project object */;
}
